<?xml version="1.0" encoding="utf-8"?>
<Project ToolsVersion="4.0" xmlns="http://schemas.microsoft.com/developer/msbuild/2003">
  <ItemGroup>
    <Filter Include="Config">
      <UniqueIdentifier>{4500722e-55b2-461a-9bb1-8111eb13a43e}</UniqueIdentifier>
    </Filter>
    <Filter Include="Core">
      <UniqueIdentifier>{01ef91d5-8224-49f0-a58d-c8e74d9302bc}</UniqueIdentifier>
    </Filter>
    <Filter Include="Core\Camera">
      <UniqueIdentifier>{b4b243ee-bf96-4538-9e86-292725ab7172}</UniqueIdentifier>
    </Filter>
    <Filter Include="Core\Buffer">
      <UniqueIdentifier>{7d6a6cec-9787-4158-9566-95f7463add40}</UniqueIdentifier>
    </Filter>
    <Filter Include="Loaders">
      <UniqueIdentifier>{594be0de-50e4-4684-b096-30d47d55eee9}</UniqueIdentifier>
    </Filter>
    <Filter Include="Core\Shader">
      <UniqueIdentifier>{3b0a5ce0-58b1-44de-84b9-211c046ff787}</UniqueIdentifier>
    </Filter>
    <Filter Include="Core\Effect">
      <UniqueIdentifier>{c99ef579-1871-4872-95d0-6350b6fbede7}</UniqueIdentifier>
    </Filter>
    <Filter Include="Core\Texture">
      <UniqueIdentifier>{6ec37c22-5d25-44b8-84a8-b68b26eba808}</UniqueIdentifier>
    </Filter>
    <Filter Include="Core\Tools">
      <UniqueIdentifier>{a60c3b0b-8d5b-44a5-be74-425aec6725c6}</UniqueIdentifier>
    </Filter>
    <Filter Include="Shader%28Built in%29">
      <UniqueIdentifier>{3fca2a5c-8df8-4de0-b9b7-10796af5d085}</UniqueIdentifier>
    </Filter>
    <Filter Include="Core\RenderingMode">
      <UniqueIdentifier>{e02bfe57-92b5-41ea-b327-9782c7a68a32}</UniqueIdentifier>
    </Filter>
    <Filter Include="Core\GUI">
      <UniqueIdentifier>{ce8980ec-2125-498b-b7c2-64ee1546fd33}</UniqueIdentifier>
    </Filter>
    <Filter Include="Shader%28Built in%29\RenderingShader">
      <UniqueIdentifier>{1b38b4c9-c0b8-4524-aa95-9dbf2ba70e95}</UniqueIdentifier>
    </Filter>
    <Filter Include="Core\RenderObject">
      <UniqueIdentifier>{f67f3f84-0c37-4563-bb52-5a32572016dd}</UniqueIdentifier>
    </Filter>
    <Filter Include="Core\Model">
      <UniqueIdentifier>{ceafba63-901c-45df-8d0e-d32ebcd70444}</UniqueIdentifier>
    </Filter>
    <Filter Include="Core\SceneNode">
      <UniqueIdentifier>{3d1e64aa-da6e-442c-9b4b-539a09199b5d}</UniqueIdentifier>
    </Filter>
    <Filter Include="Core\2DRender">
      <UniqueIdentifier>{71de56fc-052b-480b-bfff-a3240f146d4b}</UniqueIdentifier>
    </Filter>
  </ItemGroup>
  <ItemGroup>
    <ClInclude Include="..\..\src\Agmd3D\Config\Export.h">
      <Filter>Config</Filter>
    </ClInclude>
    <ClInclude Include="..\..\src\Agmd3D\Config\Fwd.h">
      <Filter>Config</Filter>
    </ClInclude>
    <ClInclude Include="..\..\src\Agmd3D\Core\Buffer\BaseBuffer.h">
      <Filter>Core\Buffer</Filter>
    </ClInclude>
    <ClInclude Include="..\..\src\Agmd3D\Core\Buffer\Buffer.h">
      <Filter>Core\Buffer</Filter>
    </ClInclude>
    <ClInclude Include="..\..\src\Agmd3D\Core\Buffer\FrameBuffer.h">
      <Filter>Core\Buffer</Filter>
    </ClInclude>
    <ClInclude Include="..\..\src\Agmd3D\Core\Buffer\RenderBuffer.h">
      <Filter>Core\Buffer</Filter>
    </ClInclude>
    <ClInclude Include="..\..\src\Agmd3D\Core\Camera\Camera.h">
      <Filter>Core\Camera</Filter>
    </ClInclude>
    <ClInclude Include="..\..\src\Agmd3D\Core\Camera\FPCamera.h">
      <Filter>Core\Camera</Filter>
    </ClInclude>
    <ClInclude Include="..\..\src\Agmd3D\Core\Camera\TPCamera.h">
      <Filter>Core\Camera</Filter>
    </ClInclude>
    <ClInclude Include="..\..\src\Agmd3D\Core\GUI\AButton.h">
      <Filter>Core\GUI</Filter>
    </ClInclude>
    <ClInclude Include="..\..\src\Agmd3D\Core\GUI\AContainer.h">
      <Filter>Core\GUI</Filter>
    </ClInclude>
    <ClInclude Include="..\..\src\Agmd3D\Core\GUI\ATextBox.h">
      <Filter>Core\GUI</Filter>
    </ClInclude>
    <ClInclude Include="..\..\src\Agmd3D\Core\GUI\AWidget.h">
      <Filter>Core\GUI</Filter>
    </ClInclude>
    <ClInclude Include="..\..\src\Agmd3D\Core\GUI\AWindow.h">
      <Filter>Core\GUI</Filter>
    </ClInclude>
    <ClInclude Include="..\..\src\Agmd3D\Core\Shader\BaseShader.h">
      <Filter>Core\Shader</Filter>
    </ClInclude>
    <ClInclude Include="..\..\src\Agmd3D\Core\Shader\BaseShaderProgram.h">
      <Filter>Core\Shader</Filter>
    </ClInclude>
    <ClInclude Include="..\..\src\Agmd3D\Core\Shader\Shader.h">
      <Filter>Core\Shader</Filter>
    </ClInclude>
    <ClInclude Include="..\..\src\Agmd3D\Core\Shader\ShaderProgram.h">
      <Filter>Core\Shader</Filter>
    </ClInclude>
    <ClInclude Include="..\..\src\Agmd3D\Core\AgmdApp.h">
      <Filter>Core</Filter>
    </ClInclude>
    <ClInclude Include="..\..\src\Agmd3D\Core\Declaration.h">
      <Filter>Core</Filter>
    </ClInclude>
    <ClInclude Include="..\..\src\Agmd3D\Core\DeclarationElement.h">
      <Filter>Core</Filter>
    </ClInclude>
    <ClInclude Include="..\..\src\Agmd3D\Core\Enums.h">
      <Filter>Core</Filter>
    </ClInclude>
    <ClInclude Include="..\..\src\Agmd3D\Core\FontManager.h">
      <Filter>Core</Filter>
    </ClInclude>
    <ClInclude Include="..\..\src\Agmd3D\Core\Loader.h">
      <Filter>Core</Filter>
    </ClInclude>
    <ClInclude Include="..\..\src\Agmd3D\Core\MediaManager.h">
      <Filter>Core</Filter>
    </ClInclude>
    <ClInclude Include="..\..\src\Agmd3D\Core\Renderer.h">
      <Filter>Core</Filter>
    </ClInclude>
    <ClInclude Include="..\..\src\Agmd3D\Core\Resource.h">
      <Filter>Core</Filter>
    </ClInclude>
    <ClInclude Include="..\..\src\Agmd3D\Core\ResourceManager.h">
      <Filter>Core</Filter>
    </ClInclude>
    <ClInclude Include="..\..\src\Agmd3D\Loaders\ImagesLoader.h">
      <Filter>Loaders</Filter>
    </ClInclude>
    <ClInclude Include="..\..\src\Agmd3D\Loaders\Loaders.h">
      <Filter>Loaders</Filter>
    </ClInclude>
    <ClInclude Include="..\..\src\Agmd3D\Loaders\ObjLoader.h">
      <Filter>Loaders</Filter>
    </ClInclude>
    <ClInclude Include="..\..\src\Agmd3D\Loaders\ShaderProgramsLoader.h">
      <Filter>Loaders</Filter>
    </ClInclude>
    <ClInclude Include="..\..\src\Agmd3D\Loaders\ShadersLoader.h">
      <Filter>Loaders</Filter>
    </ClInclude>
    <ClInclude Include="..\..\src\Agmd3D\Core\GUI\GUIMgr.h">
      <Filter>Core\GUI</Filter>
    </ClInclude>
    <ClInclude Include="..\..\src\Agmd3D\Core\MatStack.h">
      <Filter>Core</Filter>
    </ClInclude>
    <ClInclude Include="..\..\src\Agmd3D\Loaders\TxtLoader.h">
      <Filter>Loaders</Filter>
    </ClInclude>
    <ClInclude Include="..\..\src\Agmd3D\Core\Texture\Image.h">
      <Filter>Core\Texture</Filter>
    </ClInclude>
    <ClInclude Include="..\..\src\Agmd3D\Core\Texture\Texture.h">
      <Filter>Core\Texture</Filter>
    </ClInclude>
    <ClInclude Include="..\..\src\Agmd3D\Core\Texture\TextureBase.h">
      <Filter>Core\Texture</Filter>
    </ClInclude>
    <ClInclude Include="..\..\src\Agmd3D\Core\SceneObject\Light.h">
      <Filter>Core\Model</Filter>
    </ClInclude>
    <ClInclude Include="..\..\src\Agmd3D\Core\SceneObject\Model.h">
      <Filter>Core\Model</Filter>
    </ClInclude>
    <ClInclude Include="..\..\src\Agmd3D\Core\SceneObject\SkyBox.h">
      <Filter>Core\Model</Filter>
    </ClInclude>
    <ClInclude Include="..\..\src\Agmd3D\Core\SceneObject\Material.h">
      <Filter>Core\Model</Filter>
    </ClInclude>
    <ClInclude Include="..\..\src\Agmd3D\Core\Tools\BoundingBox.h">
      <Filter>Core\Tools</Filter>
    </ClInclude>
    <ClInclude Include="..\..\src\Agmd3D\Core\Tools\Frustum.h">
      <Filter>Core\Tools</Filter>
    </ClInclude>
    <ClInclude Include="..\..\src\Agmd3D\Core\Tools\Fast2DSurface.h">
      <Filter>Core\Tools</Filter>
    </ClInclude>
    <ClInclude Include="..\..\src\Agmd3D\Core\Shader\ShaderPipeline.h">
      <Filter>Core\Shader</Filter>
    </ClInclude>
    <ClInclude Include="..\..\src\Agmd3D\Loaders\ShaderPipelineLoader.h">
      <Filter>Loaders</Filter>
    </ClInclude>
    <ClInclude Include="..\..\src\Agmd3D\Core\RenderingMode\DeferredRendering.h">
      <Filter>Core\RenderingMode</Filter>
    </ClInclude>
    <ClInclude Include="..\..\src\Agmd3D\Core\RenderingMode\ForwardRendering.h">
      <Filter>Core\RenderingMode</Filter>
    </ClInclude>
    <ClInclude Include="..\..\src\Agmd3D\Core\RenderingMode\RenderingMode.h">
      <Filter>Core\RenderingMode</Filter>
    </ClInclude>
    <ClInclude Include="..\..\src\Agmd3D\Core\RenderingMode\VertexRendering.h">
      <Filter>Core\RenderingMode</Filter>
    </ClInclude>
    <ClInclude Include="..\..\src\Agmd3D\Core\Effects\PostEffect.h">
      <Filter>Core\Effect</Filter>
    </ClInclude>
    <ClInclude Include="..\..\src\Agmd3D\Core\Effects\PostEffectMgr.h">
      <Filter>Core\Effect</Filter>
    </ClInclude>
    <ClInclude Include="..\..\src\Agmd3D\Core\Effects\BlurEffect.h">
      <Filter>Core\Effect</Filter>
    </ClInclude>
    <ClInclude Include="..\..\src\Agmd3D\Core\Effects\BlurMotionEffect.h">
      <Filter>Core\Effect</Filter>
    </ClInclude>
    <ClInclude Include="..\..\src\Agmd3D\Core\GUI\ActionListener.h">
      <Filter>Core\GUI</Filter>
    </ClInclude>
    <ClInclude Include="..\..\src\Agmd3D\Core\GUI\ChangeListener.h">
      <Filter>Core\GUI</Filter>
    </ClInclude>
    <ClInclude Include="..\..\src\Agmd3D\Core\GUI\MouseListener.h">
      <Filter>Core\GUI</Filter>
    </ClInclude>
    <ClInclude Include="..\..\src\Agmd3D\Core\GUI\ASlider.h">
      <Filter>Core\GUI</Filter>
    </ClInclude>
    <ClInclude Include="..\..\src\Agmd3D\Core\GUI\ALabel.h">
      <Filter>Core\GUI</Filter>
    </ClInclude>
    <ClInclude Include="..\..\src\Agmd3D\Core\RenderObject\MeshRender.h">
      <Filter>Core\RenderObject</Filter>
    </ClInclude>
    <ClInclude Include="..\..\src\Agmd3D\Core\RenderObject\SkinnedMeshRender.h">
      <Filter>Core\RenderObject</Filter>
    </ClInclude>
    <ClInclude Include="..\..\src\Agmd3D\Core\RenderObject\Displayable.h">
      <Filter>Core\RenderObject</Filter>
    </ClInclude>
    <ClInclude Include="..\..\src\Agmd3D\Core\ShadowMapRenderer.h">
      <Filter>Core</Filter>
    </ClInclude>
    <ClInclude Include="..\..\src\Agmd3D\Core\SceneNode\CameraSceneNode.h">
      <Filter>Core\SceneNode</Filter>
    </ClInclude>
    <ClInclude Include="..\..\src\Agmd3D\Core\SceneNode\SceneNode.h">
      <Filter>Core\SceneNode</Filter>
    </ClInclude>
    <ClInclude Include="..\..\src\Agmd3D\Core\SceneNode\SkinnedMeshSceneNode.h">
      <Filter>Core\SceneNode</Filter>
    </ClInclude>
    <ClInclude Include="..\..\src\Agmd3D\Core\Tools\Statistics.h">
      <Filter>Core\Tools</Filter>
    </ClInclude>
    <ClInclude Include="..\..\src\Agmd3D\Core\RenderObject\GraphicString.h">
      <Filter>Core\RenderObject</Filter>
    </ClInclude>
    <ClInclude Include="..\..\src\Agmd3D\Core\Effects\AntiAliasing.h">
      <Filter>Core\Effect</Filter>
    </ClInclude>
    <ClInclude Include="..\..\src\Agmd3D\Core\Effects\AsciEffect.h">
      <Filter>Core\Effect</Filter>
    </ClInclude>
    <ClInclude Include="..\..\src\Agmd3D\Core\Shader\ShaderPreCompiler.h">
      <Filter>Core\Shader</Filter>
    </ClInclude>
    <ClInclude Include="..\..\src\Agmd3D\Core\SceneNode\DisplayNode.h">
      <Filter>Core\SceneNode</Filter>
    </ClInclude>
    <ClInclude Include="..\..\src\Agmd3D\Core\SceneNode\MeshNode.h">
      <Filter>Core\SceneNode</Filter>
    </ClInclude>
    <ClInclude Include="..\..\src\Agmd3D\Core\SceneNode\LightNode.h">
      <Filter>Core\SceneNode</Filter>
    </ClInclude>
    <ClInclude Include="..\..\src\Agmd3D\Core\SceneObject\SceneMgr.h">
      <Filter>Core\Model</Filter>
    </ClInclude>
    <ClInclude Include="..\..\src\Agmd3D\Core\SceneObject\Scene.h">
      <Filter>Core\Model</Filter>
    </ClInclude>
    <ClInclude Include="..\..\src\Agmd3D\Core\Tools\QuadTree.h">
      <Filter>Core\Tools</Filter>
    </ClInclude>
    <ClInclude Include="..\..\src\Agmd3D\Core\Camera\FollowCamera.h">
      <Filter>Core\Camera</Filter>
    </ClInclude>
    <ClInclude Include="..\..\src\Agmd3D\Core\2DRender\BSpline.h">
      <Filter>Core\2DRender</Filter>
    </ClInclude>
    <ClInclude Include="..\..\src\CommonDefines.h">
      <Filter>Core\2DRender</Filter>
    </ClInclude>
    <ClInclude Include="..\..\src\Agmd3D\Core\2DRender\DrawablePlane.h">
      <Filter>Core\2DRender</Filter>
    </ClInclude>
    <ClInclude Include="..\..\src\Agmd3D\Core\2DRender\LineRenderer.h">
      <Filter>Core\2DRender</Filter>
    </ClInclude>
    <ClInclude Include="..\..\src\Agmd3D\Core\2DRender\Nurbs.h">
      <Filter>Core\2DRender</Filter>
    </ClInclude>
    <ClInclude Include="..\..\src\Agmd3D\Core\2DRender\Spline.h">
      <Filter>Core\2DRender</Filter>
    </ClInclude>
  </ItemGroup>
  <ItemGroup>
    <None Include="..\..\src\Agmd3D\Core\Buffer\Buffer.inl">
      <Filter>Core\Buffer</Filter>
    </None>
    <None Include="..\..\src\Agmd3D\Core\Shader\ShaderProgram.inl">
      <Filter>Core\Shader</Filter>
    </None>
    <None Include="..\..\src\Agmd3D\Core\MediaManager.inl">
      <Filter>Core</Filter>
    </None>
    <None Include="..\..\src\Agmd3D\Core\Renderer.inl">
      <Filter>Core</Filter>
    </None>
    <None Include="..\..\src\Agmd3D\Core\ResourceManager.inl">
      <Filter>Core</Filter>
    </None>
    <None Include="..\..\Ressources\Shader\RenderingShader\DeferredShader.glsl">
      <Filter>Shader%28Built in%29\RenderingShader</Filter>
    </None>
    <None Include="..\..\Ressources\Shader\RenderingShader\DiffusePass.glsl">
      <Filter>Shader%28Built in%29\RenderingShader</Filter>
    </None>
    <None Include="..\..\Ressources\Shader\RenderingShader\DiffuseShader.glsl">
      <Filter>Shader%28Built in%29\RenderingShader</Filter>
    </None>
    <None Include="..\..\Ressources\Shader\RenderingShader\global_light_uniform.glsl">
      <Filter>Shader%28Built in%29\RenderingShader</Filter>
    </None>
    <None Include="..\..\Ressources\Shader\RenderingShader\global_uniform.glsl">
      <Filter>Shader%28Built in%29\RenderingShader</Filter>
    </None>
    <None Include="..\..\Ressources\Shader\RenderingShader\LightingShader.glsl">
      <Filter>Shader%28Built in%29\RenderingShader</Filter>
    </None>
    <None Include="..\..\Ressources\Shader\RenderingShader\ZPassShader.glsl">
      <Filter>Shader%28Built in%29\RenderingShader</Filter>
    </None>
    <None Include="..\..\Ressources\Shader\shadowmap.glsl">
      <Filter>Shader%28Built in%29</Filter>
    </None>
    <None Include="..\..\Ressources\Shader\shadowmapping_OLD.glsl">
      <Filter>Shader%28Built in%29</Filter>
    </None>
    <None Include="..\..\Ressources\Shader\skybox.glsl">
      <Filter>Shader%28Built in%29</Filter>
    </None>
    <None Include="..\..\Ressources\Shader\skybox_old.glsl">
      <Filter>Shader%28Built in%29</Filter>
    </None>
    <None Include="..\..\Ressources\Shader\spot_light.glsl">
      <Filter>Shader%28Built in%29</Filter>
    </None>
    <None Include="..\..\Ressources\Shader\text.glsl">
      <Filter>Shader%28Built in%29</Filter>
    </None>
    <None Include="..\..\Ressources\Shader\water.glsl">
      <Filter>Shader%28Built in%29</Filter>
    </None>
    <None Include="..\..\Ressources\Shader\waterNormal.glsl">
      <Filter>Shader%28Built in%29</Filter>
    </None>
    <None Include="..\..\Ressources\Shader\window.glsl">
      <Filter>Shader%28Built in%29</Filter>
    </None>
    <None Include="..\..\Ressources\Shader\add_tex.glsl">
      <Filter>Shader%28Built in%29</Filter>
    </None>
    <None Include="..\..\Ressources\Shader\classic_pipeline.glsl">
      <Filter>Shader%28Built in%29</Filter>
    </None>
    <None Include="..\..\Ressources\Shader\classic_pipeline_2D.glsl">
      <Filter>Shader%28Built in%29</Filter>
    </None>
    <None Include="..\..\Ressources\Shader\debug_binormal.glsl">
      <Filter>Shader%28Built in%29</Filter>
    </None>
    <None Include="..\..\Ressources\Shader\debug_cubemap.glsl">
      <Filter>Shader%28Built in%29</Filter>
    </None>
    <None Include="..\..\Ressources\Shader\debug_normal.glsl">
      <Filter>Shader%28Built in%29</Filter>
    </None>
    <None Include="..\..\Ressources\Shader\debug_tangent.glsl">
      <Filter>Shader%28Built in%29</Filter>
    </None>
    <None Include="..\..\Ressources\Shader\defaultShader.glsl">
      <Filter>Shader%28Built in%29</Filter>
    </None>
    <None Include="..\..\Ressources\Shader\deferred.glsl">
      <Filter>Shader%28Built in%29</Filter>
    </None>
    <None Include="..\..\Ressources\Shader\DepthRTT.fragmentshader">
      <Filter>Shader%28Built in%29</Filter>
    </None>
    <None Include="..\..\Ressources\Shader\DepthRTT.vertexshader">
      <Filter>Shader%28Built in%29</Filter>
    </None>
    <None Include="..\..\Ressources\Shader\dir_light.glsl">
      <Filter>Shader%28Built in%29</Filter>
    </None>
    <None Include="..\..\Ressources\Shader\global_2d_uniform.glsl">
      <Filter>Shader%28Built in%29</Filter>
    </None>
    <None Include="..\..\Ressources\Shader\global_input.glsl">
      <Filter>Shader%28Built in%29</Filter>
    </None>
    <None Include="..\..\Ressources\Shader\global_light_uniform.glsl">
      <Filter>Shader%28Built in%29</Filter>
    </None>
    <None Include="..\..\Ressources\Shader\global_uniform.glsl">
      <Filter>Shader%28Built in%29</Filter>
    </None>
    <None Include="..\..\Ressources\Shader\model_pipeline.glsl">
      <Filter>Shader%28Built in%29</Filter>
    </None>
    <None Include="..\..\Ressources\Shader\point_light.glsl">
      <Filter>Shader%28Built in%29</Filter>
    </None>
    <None Include="..\..\Ressources\Shader\prod_tex.glsl">
      <Filter>Shader%28Built in%29</Filter>
    </None>
    <None Include="..\..\Ressources\Shader\rand_tex.glsl">
      <Filter>Shader%28Built in%29</Filter>
    </None>
    <None Include="..\..\Ressources\Shader\render_tex.glsl">
      <Filter>Shader%28Built in%29</Filter>
    </None>
    <None Include="..\..\Ressources\Shader\Scene.frag">
      <Filter>Shader%28Built in%29</Filter>
    </None>
  </ItemGroup>
  <ItemGroup>
    <ClCompile Include="..\..\src\Agmd3D\Core\Buffer\BaseBuffer.cpp">
      <Filter>Core\Buffer</Filter>
    </ClCompile>
    <ClCompile Include="..\..\src\Agmd3D\Core\Buffer\FrameBuffer.cpp">
      <Filter>Core\Buffer</Filter>
    </ClCompile>
    <ClCompile Include="..\..\src\Agmd3D\Core\Buffer\RenderBuffer.cpp">
      <Filter>Core\Buffer</Filter>
    </ClCompile>
    <ClCompile Include="..\..\src\Agmd3D\Core\Camera\Camera.cpp">
      <Filter>Core\Camera</Filter>
    </ClCompile>
    <ClCompile Include="..\..\src\Agmd3D\Core\Camera\FPCamera.cpp">
      <Filter>Core\Camera</Filter>
    </ClCompile>
    <ClCompile Include="..\..\src\Agmd3D\Core\Camera\TPCamera.cpp">
      <Filter>Core\Camera</Filter>
    </ClCompile>
    <ClCompile Include="..\..\src\Agmd3D\Core\GUI\AButton.cpp">
      <Filter>Core\GUI</Filter>
    </ClCompile>
    <ClCompile Include="..\..\src\Agmd3D\Core\GUI\AContainer.cpp">
      <Filter>Core\GUI</Filter>
    </ClCompile>
    <ClCompile Include="..\..\src\Agmd3D\Core\GUI\ATextBox.cpp">
      <Filter>Core\GUI</Filter>
    </ClCompile>
    <ClCompile Include="..\..\src\Agmd3D\Core\GUI\AWidget.cpp">
      <Filter>Core\GUI</Filter>
    </ClCompile>
    <ClCompile Include="..\..\src\Agmd3D\Core\GUI\AWindow.cpp">
      <Filter>Core\GUI</Filter>
    </ClCompile>
    <ClCompile Include="..\..\src\Agmd3D\Core\Shader\BaseShader.cpp">
      <Filter>Core\Shader</Filter>
    </ClCompile>
    <ClCompile Include="..\..\src\Agmd3D\Core\Shader\BaseShaderProgram.cpp">
      <Filter>Core\Shader</Filter>
    </ClCompile>
    <ClCompile Include="..\..\src\Agmd3D\Core\Shader\Shader.cpp">
      <Filter>Core\Shader</Filter>
    </ClCompile>
    <ClCompile Include="..\..\src\Agmd3D\Core\Shader\ShaderProgram.cpp">
      <Filter>Core\Shader</Filter>
    </ClCompile>
    <ClCompile Include="..\..\src\Agmd3D\Core\AgmdApp.cpp">
      <Filter>Core</Filter>
    </ClCompile>
    <ClCompile Include="..\..\src\Agmd3D\Core\FontManager.cpp">
      <Filter>Core</Filter>
    </ClCompile>
    <ClCompile Include="..\..\src\Agmd3D\Core\MediaManager.cpp">
      <Filter>Core</Filter>
    </ClCompile>
    <ClCompile Include="..\..\src\Agmd3D\Core\Renderer.cpp">
      <Filter>Core</Filter>
    </ClCompile>
    <ClCompile Include="..\..\src\Agmd3D\Core\Resource.cpp">
      <Filter>Core</Filter>
    </ClCompile>
    <ClCompile Include="..\..\src\Agmd3D\Core\ResourceManager.cpp">
      <Filter>Core</Filter>
    </ClCompile>
    <ClCompile Include="..\..\src\Agmd3D\Loaders\ImagesLoader.cpp">
      <Filter>Loaders</Filter>
    </ClCompile>
    <ClCompile Include="..\..\src\Agmd3D\Loaders\Loaders.cpp">
      <Filter>Loaders</Filter>
    </ClCompile>
    <ClCompile Include="..\..\src\Agmd3D\Loaders\ObjLoader.cpp">
      <Filter>Loaders</Filter>
    </ClCompile>
    <ClCompile Include="..\..\src\Agmd3D\Loaders\ShaderProgramsLoader.cpp">
      <Filter>Loaders</Filter>
    </ClCompile>
    <ClCompile Include="..\..\src\Agmd3D\Loaders\ShadersLoader.cpp">
      <Filter>Loaders</Filter>
    </ClCompile>
    <ClCompile Include="..\..\src\Agmd3D\Core\GUI\GUIMgr.cpp">
      <Filter>Core\GUI</Filter>
    </ClCompile>
    <ClCompile Include="..\..\src\Agmd3D\Core\MatStack.cpp">
      <Filter>Core</Filter>
    </ClCompile>
    <ClCompile Include="..\..\src\Agmd3D\Loaders\TxtLoader.cpp">
      <Filter>Loaders</Filter>
    </ClCompile>
    <ClCompile Include="..\..\src\Agmd3D\Core\Texture\Image.cpp">
      <Filter>Core\Texture</Filter>
    </ClCompile>
    <ClCompile Include="..\..\src\Agmd3D\Core\Texture\Texture.cpp">
      <Filter>Core\Texture</Filter>
    </ClCompile>
    <ClCompile Include="..\..\src\Agmd3D\Core\Texture\TextureBase.cpp">
      <Filter>Core\Texture</Filter>
    </ClCompile>
    <ClCompile Include="..\..\src\Agmd3D\Core\SceneObject\Light.cpp">
      <Filter>Core\Model</Filter>
    </ClCompile>
    <ClCompile Include="..\..\src\Agmd3D\Core\SceneObject\Model.cpp">
      <Filter>Core\Model</Filter>
    </ClCompile>
    <ClCompile Include="..\..\src\Agmd3D\Core\SceneObject\SkyBox.cpp">
      <Filter>Core\Model</Filter>
    </ClCompile>
    <ClCompile Include="..\..\src\Agmd3D\Core\SceneObject\Material.cpp">
      <Filter>Core\Model</Filter>
    </ClCompile>
    <ClCompile Include="..\..\src\Agmd3D\Core\Tools\BoundingBox.cpp">
      <Filter>Core\Tools</Filter>
    </ClCompile>
    <ClCompile Include="..\..\src\Agmd3D\Core\Tools\Frustum.cpp">
      <Filter>Core\Tools</Filter>
    </ClCompile>
    <ClCompile Include="..\..\src\Agmd3D\Core\Tools\Fast2DSurface.cpp">
      <Filter>Core\Tools</Filter>
    </ClCompile>
    <ClCompile Include="..\..\src\Agmd3D\Core\Shader\ShaderPipeline.cpp">
      <Filter>Core\Shader</Filter>
    </ClCompile>
    <ClCompile Include="..\..\src\Agmd3D\Loaders\ShaderPipelineLoader.cpp">
      <Filter>Loaders</Filter>
    </ClCompile>
    <ClCompile Include="..\..\src\Agmd3D\Core\RenderingMode\DeferredRendering.cpp">
      <Filter>Core\RenderingMode</Filter>
    </ClCompile>
    <ClCompile Include="..\..\src\Agmd3D\Core\RenderingMode\ForwardRendering.cpp">
      <Filter>Core\RenderingMode</Filter>
    </ClCompile>
    <ClCompile Include="..\..\src\Agmd3D\Core\RenderingMode\RenderingMode.cpp">
      <Filter>Core\RenderingMode</Filter>
    </ClCompile>
    <ClCompile Include="..\..\src\Agmd3D\Core\RenderingMode\VertexRendering.cpp">
      <Filter>Core\RenderingMode</Filter>
    </ClCompile>
    <ClCompile Include="..\..\src\Agmd3D\Core\Effects\PostEffectMgr.cpp">
      <Filter>Core\Effect</Filter>
    </ClCompile>
    <ClCompile Include="..\..\src\Agmd3D\Core\Effects\PostEffect.cpp">
      <Filter>Core\Effect</Filter>
    </ClCompile>
    <ClCompile Include="..\..\src\Agmd3D\Core\Effects\BlurMotionEffect.cpp">
      <Filter>Core\Effect</Filter>
    </ClCompile>
    <ClCompile Include="..\..\src\Agmd3D\Core\Effects\BlurEffect.cpp">
      <Filter>Core\Effect</Filter>
    </ClCompile>
    <ClCompile Include="..\..\src\Agmd3D\Core\GUI\ASlider.cpp">
      <Filter>Core\GUI</Filter>
    </ClCompile>
    <ClCompile Include="..\..\src\Agmd3D\Core\GUI\ALabel.cpp">
      <Filter>Core\GUI</Filter>
    </ClCompile>
    <ClCompile Include="..\..\src\Agmd3D\Core\RenderObject\MeshRender.cpp">
      <Filter>Core\RenderObject</Filter>
    </ClCompile>
    <ClCompile Include="..\..\src\Agmd3D\Core\RenderObject\SkinnedMeshRender.cpp">
      <Filter>Core\RenderObject</Filter>
    </ClCompile>
    <ClCompile Include="..\..\src\Agmd3D\Core\RenderObject\Displayable.cpp">
      <Filter>Core\RenderObject</Filter>
    </ClCompile>
    <ClCompile Include="..\..\src\Agmd3D\Core\ShadowMapRenderer.cpp">
      <Filter>Core</Filter>
    </ClCompile>
    <ClCompile Include="..\..\src\Agmd3D\Core\SceneNode\SceneNode.cpp">
      <Filter>Core\SceneNode</Filter>
    </ClCompile>
    <ClCompile Include="..\..\src\Agmd3D\Core\SceneNode\SkinnedMeshSceneNode.cpp">
      <Filter>Core\SceneNode</Filter>
    </ClCompile>
    <ClCompile Include="..\..\src\Agmd3D\Core\Tools\Statistics.cpp">
      <Filter>Core\Tools</Filter>
    </ClCompile>
    <ClCompile Include="..\..\src\Agmd3D\Core\RenderObject\GraphicString.cpp">
      <Filter>Core\RenderObject</Filter>
    </ClCompile>
    <ClCompile Include="..\..\src\Agmd3D\Core\Effects\AntiAliasing.cpp">
      <Filter>Core\Effect</Filter>
    </ClCompile>
    <ClCompile Include="..\..\src\Agmd3D\Core\Effects\AsciEffect.cpp">
      <Filter>Core\Effect</Filter>
    </ClCompile>
    <ClCompile Include="..\..\src\Agmd3D\Core\Shader\ShaderPreCompiler.cpp">
      <Filter>Core\Shader</Filter>
    </ClCompile>
    <ClCompile Include="..\..\src\Agmd3D\Core\SceneNode\DisplayNode.cpp">
      <Filter>Core\SceneNode</Filter>
    </ClCompile>
    <ClCompile Include="..\..\src\Agmd3D\Core\SceneNode\MeshNode.cpp">
      <Filter>Core\SceneNode</Filter>
    </ClCompile>
    <ClCompile Include="..\..\src\Agmd3D\Core\SceneObject\SceneMgr.cpp">
      <Filter>Core\Model</Filter>
    </ClCompile>
    <ClCompile Include="..\..\src\Agmd3D\Core\SceneObject\Scene.cpp">
      <Filter>Core\Model</Filter>
    </ClCompile>
    <ClCompile Include="..\..\src\Agmd3D\Core\Tools\QuadTree.cpp">
      <Filter>Core\Tools</Filter>
    </ClCompile>
    <ClCompile Include="..\..\src\Agmd3D\Core\Camera\FollowCamera.cpp">
      <Filter>Core\Camera</Filter>
    </ClCompile>
    <ClCompile Include="..\..\src\Agmd3D\Core\2DRender\BSpline.cpp">
      <Filter>Core\2DRender</Filter>
    </ClCompile>
    <ClCompile Include="..\..\src\Agmd3D\Core\2DRender\DrawablePlane.cpp">
      <Filter>Core\2DRender</Filter>
    </ClCompile>
    <ClCompile Include="..\..\src\Agmd3D\Core\2DRender\LineRenderer.cpp">
      <Filter>Core\2DRender</Filter>
    </ClCompile>
    <ClCompile Include="..\..\src\Agmd3D\Core\2DRender\Nurbs.cpp">
      <Filter>Core\2DRender</Filter>
    </ClCompile>
    <ClCompile Include="..\..\src\Agmd3D\Core\2DRender\Spline.cpp">
      <Filter>Core\2DRender</Filter>
    </ClCompile>
  </ItemGroup>
</Project>