<?xml version="1.0" encoding="utf-8"?>
<Project ToolsVersion="4.0" xmlns="http://schemas.microsoft.com/developer/msbuild/2003">
  <ItemGroup>
    <Filter Include="Debug">
      <UniqueIdentifier>{27a86e38-e2b3-4273-96f8-20e947e082ad}</UniqueIdentifier>
    </Filter>
    <Filter Include="Maths">
      <UniqueIdentifier>{ab6b000e-70b1-46a5-8a27-46b4d9c4c692}</UniqueIdentifier>
    </Filter>
    <Filter Include="Config">
      <UniqueIdentifier>{4500722e-55b2-461a-9bb1-8111eb13a43e}</UniqueIdentifier>
    </Filter>
    <Filter Include="Debug\Log">
      <UniqueIdentifier>{9b024ad6-e6ba-4463-943b-3ac43384b175}</UniqueIdentifier>
    </Filter>
    <Filter Include="Core">
      <UniqueIdentifier>{01ef91d5-8224-49f0-a58d-c8e74d9302bc}</UniqueIdentifier>
    </Filter>
    <Filter Include="Utilities">
      <UniqueIdentifier>{3e39b866-acfe-4212-994a-0a3e8406adeb}</UniqueIdentifier>
    </Filter>
    <Filter Include="Core\Camera">
      <UniqueIdentifier>{b4b243ee-bf96-4538-9e86-292725ab7172}</UniqueIdentifier>
    </Filter>
    <Filter Include="Core\Buffer">
      <UniqueIdentifier>{7d6a6cec-9787-4158-9566-95f7463add40}</UniqueIdentifier>
    </Filter>
    <Filter Include="Loaders">
      <UniqueIdentifier>{594be0de-50e4-4684-b096-30d47d55eee9}</UniqueIdentifier>
    </Filter>
    <Filter Include="Core\Shader">
      <UniqueIdentifier>{3b0a5ce0-58b1-44de-84b9-211c046ff787}</UniqueIdentifier>
    </Filter>
    <Filter Include="Core\Effect">
      <UniqueIdentifier>{c99ef579-1871-4872-95d0-6350b6fbede7}</UniqueIdentifier>
    </Filter>
  </ItemGroup>
  <ItemGroup>
    <ClInclude Include="..\..\src\AgmdDefines.h" />
    <ClInclude Include="..\..\src\Debug\New.h">
      <Filter>Debug</Filter>
    </ClInclude>
    <ClInclude Include="..\..\src\Debug\NewOff.h">
      <Filter>Debug</Filter>
    </ClInclude>
    <ClInclude Include="..\..\src\Maths\Matrix4.h">
      <Filter>Maths</Filter>
    </ClInclude>
    <ClInclude Include="..\..\src\Maths\Plane.h">
      <Filter>Maths</Filter>
    </ClInclude>
    <ClInclude Include="..\..\src\Maths\Quaternion.h">
      <Filter>Maths</Filter>
    </ClInclude>
    <ClInclude Include="..\..\src\Maths\Rectangle.h">
      <Filter>Maths</Filter>
    </ClInclude>
    <ClInclude Include="..\..\src\Maths\Vector2.h">
      <Filter>Maths</Filter>
    </ClInclude>
    <ClInclude Include="..\..\src\Maths\Vector3.h">
      <Filter>Maths</Filter>
    </ClInclude>
    <ClInclude Include="..\..\src\Maths\Vector4.h">
      <Filter>Maths</Filter>
    </ClInclude>
    <ClInclude Include="..\..\src\Config\Export.h">
      <Filter>Config</Filter>
    </ClInclude>
    <ClInclude Include="..\..\src\Debug\MemoryMgr.h">
      <Filter>Debug</Filter>
    </ClInclude>
    <ClInclude Include="..\..\src\Core\AgmdApp.h">
      <Filter>Core</Filter>
    </ClInclude>
    <ClInclude Include="..\..\src\Utilities\Singleton.h">
      <Filter>Utilities</Filter>
    </ClInclude>
    <ClInclude Include="..\..\src\Debug\Logger.h">
      <Filter>Debug\Log</Filter>
    </ClInclude>
    <ClInclude Include="..\..\src\Debug\Exception.h">
      <Filter>Debug</Filter>
    </ClInclude>
    <ClInclude Include="..\..\src\Utilities\File.h">
      <Filter>Utilities</Filter>
    </ClInclude>
    <ClInclude Include="..\..\src\Utilities\SmartPtr.h">
      <Filter>Utilities</Filter>
    </ClInclude>
    <ClInclude Include="..\..\src\Utilities\SmartPtrPolicies.h">
      <Filter>Utilities</Filter>
    </ClInclude>
    <ClInclude Include="..\..\src\Utilities\Plugin.h">
      <Filter>Utilities</Filter>
    </ClInclude>
    <ClInclude Include="..\..\src\Core\Renderer.h">
      <Filter>Core</Filter>
    </ClInclude>
    <ClInclude Include="..\..\src\Core\Enums.h">
      <Filter>Core</Filter>
    </ClInclude>
    <ClInclude Include="..\..\src\Core\Declaration.h">
      <Filter>Core</Filter>
    </ClInclude>
    <ClInclude Include="..\..\src\Core\DeclarationElement.h">
      <Filter>Core</Filter>
    </ClInclude>
    <ClInclude Include="..\..\src\Core\Camera\Camera.h">
      <Filter>Core\Camera</Filter>
    </ClInclude>
    <ClInclude Include="..\..\src\Core\Model.h">
      <Filter>Core</Filter>
    </ClInclude>
    <ClInclude Include="..\..\src\Config\Fwd.h">
      <Filter>Config</Filter>
    </ClInclude>
    <ClInclude Include="..\..\src\Core\BaseBuffer.h">
      <Filter>Core\Buffer</Filter>
    </ClInclude>
    <ClInclude Include="..\..\src\Core\Buffer.h">
      <Filter>Core\Buffer</Filter>
    </ClInclude>
    <ClInclude Include="..\..\src\Core\FrameBuffer.h">
      <Filter>Core\Buffer</Filter>
    </ClInclude>
    <ClInclude Include="..\..\src\Core\RenderBuffer.h">
      <Filter>Core\Buffer</Filter>
    </ClInclude>
    <ClInclude Include="..\..\src\Core\MediaManager.h">
      <Filter>Core</Filter>
    </ClInclude>
    <ClInclude Include="..\..\src\Core\Resource.h">
      <Filter>Core</Filter>
    </ClInclude>
    <ClInclude Include="..\..\src\Core\ResourceManager.h">
      <Filter>Core</Filter>
    </ClInclude>
    <ClInclude Include="..\..\src\Loaders\ImagesLoader.h">
      <Filter>Loaders</Filter>
    </ClInclude>
    <ClInclude Include="..\..\src\Loaders\Loaders.h">
      <Filter>Loaders</Filter>
    </ClInclude>
    <ClInclude Include="..\..\src\Loaders\ShadersLoader.h">
      <Filter>Loaders</Filter>
    </ClInclude>
    <ClInclude Include="..\..\src\Core\Loader.h">
      <Filter>Core</Filter>
    </ClInclude>
    <ClInclude Include="..\..\src\Core\Image.h">
      <Filter>Core</Filter>
    </ClInclude>
    <ClInclude Include="..\..\src\Utilities\GenHierarchies.h">
      <Filter>Utilities</Filter>
    </ClInclude>
    <ClInclude Include="..\..\src\Utilities\PixelUtils.h">
      <Filter>Utilities</Filter>
    </ClInclude>
    <ClInclude Include="..\..\src\Utilities\StringUtils.h">
      <Filter>Utilities</Filter>
    </ClInclude>
    <ClInclude Include="..\..\src\Utilities\Typelist.h">
      <Filter>Utilities</Filter>
    </ClInclude>
    <ClInclude Include="..\..\src\Utilities\Util.h">
      <Filter>Utilities</Filter>
    </ClInclude>
    <ClInclude Include="..\..\src\Utilities\Color.h">
      <Filter>Utilities</Filter>
    </ClInclude>
    <ClInclude Include="..\..\src\Core\Texture.h">
      <Filter>Core</Filter>
    </ClInclude>
    <ClInclude Include="..\..\src\Core\TextureBase.h">
      <Filter>Core</Filter>
    </ClInclude>
    <ClInclude Include="..\..\src\Loaders\ObjLoader.h">
      <Filter>Loaders</Filter>
    </ClInclude>
    <ClInclude Include="..\..\src\Core\BaseShaderProgram.h">
      <Filter>Core\Shader</Filter>
    </ClInclude>
    <ClInclude Include="..\..\src\Core\BaseShader.h">
      <Filter>Core\Shader</Filter>
    </ClInclude>
    <ClInclude Include="..\..\src\Core\ShaderProgram.h">
      <Filter>Core\Shader</Filter>
    </ClInclude>
    <ClInclude Include="..\..\src\Core\Shader.h">
      <Filter>Core\Shader</Filter>
    </ClInclude>
    <ClInclude Include="..\..\src\Loaders\ShaderProgramsLoader.h">
      <Filter>Loaders</Filter>
    </ClInclude>
    <ClInclude Include="..\..\src\Core\Camera\FPCamera.h">
      <Filter>Core\Camera</Filter>
    </ClInclude>
    <ClInclude Include="..\..\src\Core\Camera\TPCamera.h">
      <Filter>Core\Camera</Filter>
    </ClInclude>
    <ClInclude Include="..\..\src\Core\Effects\Effect.h">
      <Filter>Core\Effect</Filter>
    </ClInclude>
    <ClInclude Include="..\..\src\Core\Effects\Effect_ShadowMap.h">
      <Filter>Core\Effect</Filter>
    </ClInclude>
    <ClInclude Include="..\..\src\Core\Terrain.h">
      <Filter>Core</Filter>
    </ClInclude>
    <ClInclude Include="..\..\src\Core\FontManager.h">
      <Filter>Core</Filter>
    </ClInclude>
    <ClInclude Include="..\..\src\Core\GraphicString.h">
      <Filter>Core</Filter>
    </ClInclude>
  </ItemGroup>
  <ItemGroup>
    <None Include="..\..\src\Maths\Plane.inl">
      <Filter>Maths</Filter>
    </None>
    <None Include="..\..\src\Utilities\SmartPtr.inl">
      <Filter>Utilities</Filter>
    </None>
    <None Include="..\..\src\Core\Renderer.inl">
      <Filter>Core</Filter>
    </None>
    <None Include="..\..\src\Core\Buffer.inl">
      <Filter>Core\Buffer</Filter>
    </None>
    <None Include="..\..\src\Core\MediaManager.inl">
      <Filter>Core</Filter>
    </None>
    <None Include="..\..\src\Core\ResourceManager.inl">
      <Filter>Core</Filter>
    </None>
    <None Include="..\..\src\Utilities\StringUtils.inl">
      <Filter>Utilities</Filter>
    </None>
    <None Include="..\..\src\Utilities\Typelist.inl">
      <Filter>Utilities</Filter>
    </None>
    <None Include="..\..\src\Utilities\ConvertPixel.inl">
      <Filter>Utilities</Filter>
    </None>
    <None Include="ClassDiagram1.cd" />
    <None Include="..\..\src\Core\ShaderProgram.inl">
      <Filter>Core\Shader</Filter>
    </None>
  </ItemGroup>
  <ItemGroup>
    <ClCompile Include="..\..\src\Maths\Rectangle.cpp">
      <Filter>Maths</Filter>
    </ClCompile>
    <ClCompile Include="..\..\src\Debug\MemoryMgr.cpp">
      <Filter>Debug</Filter>
    </ClCompile>
    <ClCompile Include="..\..\src\Core\AgmdApp.cpp">
      <Filter>Core</Filter>
    </ClCompile>
    <ClCompile Include="..\..\src\Debug\Logger.cpp">
      <Filter>Debug\Log</Filter>
    </ClCompile>
    <ClCompile Include="..\..\src\Debug\Exception.cpp">
      <Filter>Debug</Filter>
    </ClCompile>
    <ClCompile Include="..\..\src\Utilities\File.cpp">
      <Filter>Utilities</Filter>
    </ClCompile>
    <ClCompile Include="..\..\src\Utilities\Plugin.cpp">
      <Filter>Utilities</Filter>
    </ClCompile>
    <ClCompile Include="..\..\src\Core\Renderer.cpp">
      <Filter>Core</Filter>
    </ClCompile>
    <ClCompile Include="..\..\src\Core\Camera\Camera.cpp">
      <Filter>Core\Camera</Filter>
    </ClCompile>
    <ClCompile Include="..\..\src\Core\Model.cpp">
      <Filter>Core</Filter>
    </ClCompile>
    <ClCompile Include="..\..\src\Core\BaseBuffer.cpp">
      <Filter>Core\Buffer</Filter>
    </ClCompile>
    <ClCompile Include="..\..\src\Core\FrameBuffer.cpp">
      <Filter>Core\Buffer</Filter>
    </ClCompile>
    <ClCompile Include="..\..\src\Core\RenderBuffer.cpp">
      <Filter>Core\Buffer</Filter>
    </ClCompile>
    <ClCompile Include="..\..\src\Core\MediaManager.cpp">
      <Filter>Core</Filter>
    </ClCompile>
    <ClCompile Include="..\..\src\Core\Resource.cpp">
      <Filter>Core</Filter>
    </ClCompile>
    <ClCompile Include="..\..\src\Core\ResourceManager.cpp">
      <Filter>Core</Filter>
    </ClCompile>
    <ClCompile Include="..\..\src\Loaders\ImagesLoader.cpp">
      <Filter>Loaders</Filter>
    </ClCompile>
    <ClCompile Include="..\..\src\Loaders\Loaders.cpp">
      <Filter>Loaders</Filter>
    </ClCompile>
    <ClCompile Include="..\..\src\Loaders\ShadersLoader.cpp">
      <Filter>Loaders</Filter>
    </ClCompile>
    <ClCompile Include="..\..\src\Core\Image.cpp">
      <Filter>Core</Filter>
    </ClCompile>
    <ClCompile Include="..\..\src\Utilities\Color.cpp">
      <Filter>Utilities</Filter>
    </ClCompile>
    <ClCompile Include="..\..\src\Core\Texture.cpp">
      <Filter>Core</Filter>
    </ClCompile>
    <ClCompile Include="..\..\src\Core\TextureBase.cpp">
      <Filter>Core</Filter>
    </ClCompile>
    <ClCompile Include="..\..\src\Loaders\ObjLoader.cpp">
      <Filter>Loaders</Filter>
    </ClCompile>
    <ClCompile Include="..\..\src\Core\BaseShader.cpp">
      <Filter>Core\Shader</Filter>
    </ClCompile>
    <ClCompile Include="..\..\src\Core\BaseShaderProgram.cpp">
      <Filter>Core\Shader</Filter>
    </ClCompile>
    <ClCompile Include="..\..\src\Core\ShaderProgram.cpp">
      <Filter>Core\Shader</Filter>
    </ClCompile>
    <ClCompile Include="..\..\src\Core\Shader.cpp">
      <Filter>Core\Shader</Filter>
    </ClCompile>
    <ClCompile Include="..\..\src\Loaders\ShaderProgramsLoader.cpp">
      <Filter>Loaders</Filter>
    </ClCompile>
    <ClCompile Include="..\..\src\Core\Camera\FPCamera.cpp">
      <Filter>Core\Camera</Filter>
    </ClCompile>
    <ClCompile Include="..\..\src\Core\Camera\TPCamera.cpp">
      <Filter>Core\Camera</Filter>
    </ClCompile>
    <ClCompile Include="..\..\src\Core\Effects\Effect.cpp">
      <Filter>Core\Effect</Filter>
    </ClCompile>
    <ClCompile Include="..\..\src\Core\Effects\Effect_ShadowMap.cpp">
      <Filter>Core\Effect</Filter>
    </ClCompile>
    <ClCompile Include="..\..\src\Core\Terrain.cpp">
      <Filter>Core</Filter>
    </ClCompile>
    <ClCompile Include="..\..\src\Core\FontManager.cpp">
      <Filter>Core</Filter>
    </ClCompile>
    <ClCompile Include="..\..\src\Core\GraphicString.cpp">
      <Filter>Core</Filter>
    </ClCompile>
  </ItemGroup>
</Project>