<?xml version="1.0" encoding="utf-8"?>
<Project ToolsVersion="4.0" xmlns="http://schemas.microsoft.com/developer/msbuild/2003">
  <ItemGroup>
    <Filter Include="Client">
      <UniqueIdentifier>{8347549f-301e-4571-bdcb-2eac40ac104f}</UniqueIdentifier>
    </Filter>
    <Filter Include="Server">
      <UniqueIdentifier>{28801229-d2e7-44b9-ab29-ae861d367b5c}</UniqueIdentifier>
    </Filter>
    <Filter Include="Opcode">
      <UniqueIdentifier>{1e412cb2-d4d5-4efa-bdca-d28a4087fa19}</UniqueIdentifier>
    </Filter>
    <Filter Include="Protocol">
      <UniqueIdentifier>{11722b8a-6c8a-4509-89d9-4de336420c93}</UniqueIdentifier>
    </Filter>
    <Filter Include="Opcode\Packet">
      <UniqueIdentifier>{9bd8d6a0-d9a8-43ff-9b48-514e446f511a}</UniqueIdentifier>
    </Filter>
  </ItemGroup>
  <ItemGroup>
    <ClInclude Include="..\..\src\AgmdDefines.h" />
    <ClInclude Include="..\..\src\AgmdNetwork\Client\Client.h">
      <Filter>Client</Filter>
    </ClInclude>
    <ClInclude Include="..\..\src\AgmdNetwork\Packet\ByteBuffer.h">
      <Filter>Opcode\Packet</Filter>
    </ClInclude>
    <ClInclude Include="..\..\src\AgmdNetwork\Packet\Packet.h">
      <Filter>Opcode\Packet</Filter>
    </ClInclude>
    <ClInclude Include="..\..\src\AgmdNetwork\Server\Server.h">
      <Filter>Server</Filter>
    </ClInclude>
    <ClInclude Include="..\..\src\AgmdNetwork\Opcode\OpcodeMgr.h">
      <Filter>Opcode</Filter>
    </ClInclude>
  </ItemGroup>
  <ItemGroup>
    <ClCompile Include="..\..\src\AgmdNetwork\Client\Client.cpp">
      <Filter>Client</Filter>
    </ClCompile>
    <ClCompile Include="..\..\src\AgmdNetwork\Packet\Packet.cpp">
      <Filter>Opcode\Packet</Filter>
    </ClCompile>
    <ClCompile Include="..\..\src\AgmdNetwork\Server\Server.cpp">
      <Filter>Server</Filter>
    </ClCompile>
    <ClCompile Include="..\..\src\AgmdNetwork\Opcode\OpcodeMgr.cpp">
      <Filter>Opcode</Filter>
    </ClCompile>
  </ItemGroup>
</Project>