<?xml version="1.0" encoding="utf-8"?>
<Project ToolsVersion="4.0" xmlns="http://schemas.microsoft.com/developer/msbuild/2003">
  <ItemGroup>
    <Filter Include="Client">
      <UniqueIdentifier>{8347549f-301e-4571-bdcb-2eac40ac104f}</UniqueIdentifier>
    </Filter>
    <Filter Include="Server">
      <UniqueIdentifier>{28801229-d2e7-44b9-ab29-ae861d367b5c}</UniqueIdentifier>
    </Filter>
  </ItemGroup>
  <ItemGroup>
    <ClCompile Include="..\..\src\Network\Server\Server.cpp">
      <Filter>Server</Filter>
    </ClCompile>
    <ClCompile Include="..\..\src\Network\Client\Client.cpp">
      <Filter>Client</Filter>
    </ClCompile>
  </ItemGroup>
  <ItemGroup>
    <ClInclude Include="..\..\src\Network\Server\Server.h">
      <Filter>Server</Filter>
    </ClInclude>
    <ClInclude Include="..\..\src\Network\Client\Client.h">
      <Filter>Client</Filter>
    </ClInclude>
  </ItemGroup>
</Project>