
Microsoft Visual Studio Solution File, Format Version 11.00
# Visual Studio 2010
Project("{8BC9CEB8-8B4A-11D0-8D11-00A0C91BC942}") = "AgmdEngine", "AgmdEngine\AGMD_Engine.vcxproj", "{559D2DB9-42C9-40DA-A5DA-752F610DC378}"
	ProjectSection(ProjectDependencies) = postProject
		{D9865307-6A96-4D5F-9896-5F3BD446DC3E} = {D9865307-6A96-4D5F-9896-5F3BD446DC3E}
		{817B101F-A66F-4709-B9A6-7BE47A9D3648} = {817B101F-A66F-4709-B9A6-7BE47A9D3648}
	EndProjectSection
EndProject
Project("{8BC9CEB8-8B4A-11D0-8D11-00A0C91BC942}") = "AgmdMaths", "AgmdMaths\AgmdMaths.vcxproj", "{817B101F-A66F-4709-B9A6-7BE47A9D3648}"
EndProject
Project("{8BC9CEB8-8B4A-11D0-8D11-00A0C91BC942}") = "AgmdPhysics", "AgmdPhysics\AgmdPhysics.vcxproj", "{2598881A-F203-41D4-A95C-2957ED3295AD}"
EndProject
Project("{8BC9CEB8-8B4A-11D0-8D11-00A0C91BC942}") = "AgmdUtilities", "AgmdUtilities\AgmdUtilities.vcxproj", "{D9865307-6A96-4D5F-9896-5F3BD446DC3E}"
EndProject
Project("{8BC9CEB8-8B4A-11D0-8D11-00A0C91BC942}") = "DemoApp", "DemoApp\DemoApp.vcxproj", "{501DBA9F-119E-4320-87F5-D695A3A7271F}"
	ProjectSection(ProjectDependencies) = postProject
		{D9865307-6A96-4D5F-9896-5F3BD446DC3E} = {D9865307-6A96-4D5F-9896-5F3BD446DC3E}
		{2598881A-F203-41D4-A95C-2957ED3295AD} = {2598881A-F203-41D4-A95C-2957ED3295AD}
		{817B101F-A66F-4709-B9A6-7BE47A9D3648} = {817B101F-A66F-4709-B9A6-7BE47A9D3648}
		{F8673B65-750A-4E24-A57F-157960E0D75A} = {F8673B65-750A-4E24-A57F-157960E0D75A}
		{84EBD8A4-42F9-4F7F-98FC-56365A19BD38} = {84EBD8A4-42F9-4F7F-98FC-56365A19BD38}
		{559D2DB9-42C9-40DA-A5DA-752F610DC378} = {559D2DB9-42C9-40DA-A5DA-752F610DC378}
		{AAE368E8-6DB7-4FEB-BF0E-1679BC7069A6} = {AAE368E8-6DB7-4FEB-BF0E-1679BC7069A6}
	EndProjectSection
EndProject
Project("{8BC9CEB8-8B4A-11D0-8D11-00A0C91BC942}") = "DirectXRenderer", "DirectXRenderer\DirectXRenderer.vcxproj", "{84EBD8A4-42F9-4F7F-98FC-56365A19BD38}"
	ProjectSection(ProjectDependencies) = postProject
		{559D2DB9-42C9-40DA-A5DA-752F610DC378} = {559D2DB9-42C9-40DA-A5DA-752F610DC378}
	EndProjectSection
EndProject
Project("{8BC9CEB8-8B4A-11D0-8D11-00A0C91BC942}") = "AgmdNetwork", "Network\Network.vcxproj", "{AAE368E8-6DB7-4FEB-BF0E-1679BC7069A6}"
	ProjectSection(ProjectDependencies) = postProject
		{D9865307-6A96-4D5F-9896-5F3BD446DC3E} = {D9865307-6A96-4D5F-9896-5F3BD446DC3E}
	EndProjectSection
EndProject
Project("{8BC9CEB8-8B4A-11D0-8D11-00A0C91BC942}") = "OpenGLRenderer", "OpenGLRenderer\OpenGLRenderer.vcxproj", "{F8673B65-750A-4E24-A57F-157960E0D75A}"
	ProjectSection(ProjectDependencies) = postProject
		{559D2DB9-42C9-40DA-A5DA-752F610DC378} = {559D2DB9-42C9-40DA-A5DA-752F610DC378}
	EndProjectSection
EndProject
Project("{8BC9CEB8-8B4A-11D0-8D11-00A0C91BC942}") = "AgmdServer", "AgmdServer\AgmdServer.vcxproj", "{989445B9-9715-4475-9807-9D2FFF60C814}"
	ProjectSection(ProjectDependencies) = postProject
		{AAE368E8-6DB7-4FEB-BF0E-1679BC7069A6} = {AAE368E8-6DB7-4FEB-BF0E-1679BC7069A6}
	EndProjectSection
EndProject
Global
	GlobalSection(SolutionConfigurationPlatforms) = preSolution
		Debug|Win32 = Debug|Win32
		Release|Win32 = Release|Win32
	EndGlobalSection
	GlobalSection(ProjectConfigurationPlatforms) = postSolution
		{559D2DB9-42C9-40DA-A5DA-752F610DC378}.Debug|Win32.ActiveCfg = Debug|Win32
		{559D2DB9-42C9-40DA-A5DA-752F610DC378}.Debug|Win32.Build.0 = Debug|Win32
		{559D2DB9-42C9-40DA-A5DA-752F610DC378}.Release|Win32.ActiveCfg = Release|Win32
		{559D2DB9-42C9-40DA-A5DA-752F610DC378}.Release|Win32.Build.0 = Release|Win32
		{817B101F-A66F-4709-B9A6-7BE47A9D3648}.Debug|Win32.ActiveCfg = Debug|Win32
		{817B101F-A66F-4709-B9A6-7BE47A9D3648}.Debug|Win32.Build.0 = Debug|Win32
		{817B101F-A66F-4709-B9A6-7BE47A9D3648}.Release|Win32.ActiveCfg = Release|Win32
		{817B101F-A66F-4709-B9A6-7BE47A9D3648}.Release|Win32.Build.0 = Release|Win32
		{2598881A-F203-41D4-A95C-2957ED3295AD}.Debug|Win32.ActiveCfg = Debug|Win32
		{2598881A-F203-41D4-A95C-2957ED3295AD}.Debug|Win32.Build.0 = Debug|Win32
		{2598881A-F203-41D4-A95C-2957ED3295AD}.Release|Win32.ActiveCfg = Release|Win32
		{2598881A-F203-41D4-A95C-2957ED3295AD}.Release|Win32.Build.0 = Release|Win32
		{D9865307-6A96-4D5F-9896-5F3BD446DC3E}.Debug|Win32.ActiveCfg = Debug|Win32
		{D9865307-6A96-4D5F-9896-5F3BD446DC3E}.Debug|Win32.Build.0 = Debug|Win32
		{D9865307-6A96-4D5F-9896-5F3BD446DC3E}.Release|Win32.ActiveCfg = Release|Win32
		{D9865307-6A96-4D5F-9896-5F3BD446DC3E}.Release|Win32.Build.0 = Release|Win32
		{501DBA9F-119E-4320-87F5-D695A3A7271F}.Debug|Win32.ActiveCfg = Debug|Win32
		{501DBA9F-119E-4320-87F5-D695A3A7271F}.Debug|Win32.Build.0 = Debug|Win32
		{501DBA9F-119E-4320-87F5-D695A3A7271F}.Release|Win32.ActiveCfg = Release|Win32
		{501DBA9F-119E-4320-87F5-D695A3A7271F}.Release|Win32.Build.0 = Release|Win32
		{84EBD8A4-42F9-4F7F-98FC-56365A19BD38}.Debug|Win32.ActiveCfg = Debug|Win32
		{84EBD8A4-42F9-4F7F-98FC-56365A19BD38}.Debug|Win32.Build.0 = Debug|Win32
		{84EBD8A4-42F9-4F7F-98FC-56365A19BD38}.Release|Win32.ActiveCfg = Release|Win32
		{84EBD8A4-42F9-4F7F-98FC-56365A19BD38}.Release|Win32.Build.0 = Release|Win32
		{AAE368E8-6DB7-4FEB-BF0E-1679BC7069A6}.Debug|Win32.ActiveCfg = Debug|Win32
		{AAE368E8-6DB7-4FEB-BF0E-1679BC7069A6}.Debug|Win32.Build.0 = Debug|Win32
		{AAE368E8-6DB7-4FEB-BF0E-1679BC7069A6}.Release|Win32.ActiveCfg = Release|Win32
		{AAE368E8-6DB7-4FEB-BF0E-1679BC7069A6}.Release|Win32.Build.0 = Release|Win32
		{F8673B65-750A-4E24-A57F-157960E0D75A}.Debug|Win32.ActiveCfg = Debug|Win32
		{F8673B65-750A-4E24-A57F-157960E0D75A}.Debug|Win32.Build.0 = Debug|Win32
		{F8673B65-750A-4E24-A57F-157960E0D75A}.Release|Win32.ActiveCfg = Release|Win32
		{F8673B65-750A-4E24-A57F-157960E0D75A}.Release|Win32.Build.0 = Release|Win32
		{989445B9-9715-4475-9807-9D2FFF60C814}.Debug|Win32.ActiveCfg = Debug|Win32
		{989445B9-9715-4475-9807-9D2FFF60C814}.Debug|Win32.Build.0 = Debug|Win32
		{989445B9-9715-4475-9807-9D2FFF60C814}.Release|Win32.ActiveCfg = Release|Win32
		{989445B9-9715-4475-9807-9D2FFF60C814}.Release|Win32.Build.0 = Release|Win32
	EndGlobalSection
	GlobalSection(SolutionProperties) = preSolution
		HideSolutionNode = FALSE
	EndGlobalSection
EndGlobal
