
Microsoft Visual Studio Solution File, Format Version 12.00
# Visual Studio 2012
Project("{8BC9CEB8-8B4A-11D0-8D11-00A0C91BC942}") = "AgmdMaths", "AgmdMaths\AgmdMaths.vcxproj", "{817B101F-A66F-4709-B9A6-7BE47A9D3648}"
EndProject
Project("{8BC9CEB8-8B4A-11D0-8D11-00A0C91BC942}") = "AgmdUtilities", "AgmdUtilities\AgmdUtilities.vcxproj", "{D9865307-6A96-4D5F-9896-5F3BD446DC3E}"
EndProject
Project("{8BC9CEB8-8B4A-11D0-8D11-00A0C91BC942}") = "DemoApp", "DemoApp\DemoApp.vcxproj", "{501DBA9F-119E-4320-87F5-D695A3A7271F}"
	ProjectSection(ProjectDependencies) = postProject
		{D9865307-6A96-4D5F-9896-5F3BD446DC3E} = {D9865307-6A96-4D5F-9896-5F3BD446DC3E}
		{817B101F-A66F-4709-B9A6-7BE47A9D3648} = {817B101F-A66F-4709-B9A6-7BE47A9D3648}
		{F8673B65-750A-4E24-A57F-157960E0D75A} = {F8673B65-750A-4E24-A57F-157960E0D75A}
		{84EBD8A4-42F9-4F7F-98FC-56365A19BD38} = {84EBD8A4-42F9-4F7F-98FC-56365A19BD38}
		{559D2DB9-42C9-40DA-A5DA-752F610DC378} = {559D2DB9-42C9-40DA-A5DA-752F610DC378}
		{AAE368E8-6DB7-4FEB-BF0E-1679BC7069A6} = {AAE368E8-6DB7-4FEB-BF0E-1679BC7069A6}
	EndProjectSection
EndProject
Project("{8BC9CEB8-8B4A-11D0-8D11-00A0C91BC942}") = "DXRender", "DirectXRenderer\DirectXRenderer.vcxproj", "{84EBD8A4-42F9-4F7F-98FC-56365A19BD38}"
	ProjectSection(ProjectDependencies) = postProject
		{559D2DB9-42C9-40DA-A5DA-752F610DC378} = {559D2DB9-42C9-40DA-A5DA-752F610DC378}
	EndProjectSection
EndProject
Project("{8BC9CEB8-8B4A-11D0-8D11-00A0C91BC942}") = "GLRender", "OpenGLRenderer\OpenGLRenderer.vcxproj", "{F8673B65-750A-4E24-A57F-157960E0D75A}"
	ProjectSection(ProjectDependencies) = postProject
		{559D2DB9-42C9-40DA-A5DA-752F610DC378} = {559D2DB9-42C9-40DA-A5DA-752F610DC378}
	EndProjectSection
EndProject
Project("{8BC9CEB8-8B4A-11D0-8D11-00A0C91BC942}") = "AgmdServer", "AgmdServer\AgmdServer.vcxproj", "{989445B9-9715-4475-9807-9D2FFF60C814}"
	ProjectSection(ProjectDependencies) = postProject
		{AAE368E8-6DB7-4FEB-BF0E-1679BC7069A6} = {AAE368E8-6DB7-4FEB-BF0E-1679BC7069A6}
	EndProjectSection
EndProject
Project("{8BC9CEB8-8B4A-11D0-8D11-00A0C91BC942}") = "Agmd3D", "Agmd3D\Agmd3D.vcxproj", "{559D2DB9-42C9-40DA-A5DA-752F610DC378}"
	ProjectSection(ProjectDependencies) = postProject
		{D9865307-6A96-4D5F-9896-5F3BD446DC3E} = {D9865307-6A96-4D5F-9896-5F3BD446DC3E}
		{817B101F-A66F-4709-B9A6-7BE47A9D3648} = {817B101F-A66F-4709-B9A6-7BE47A9D3648}
	EndProjectSection
EndProject
Project("{8BC9CEB8-8B4A-11D0-8D11-00A0C91BC942}") = "AgmdNetwork", "AgmdNetwork\AgmdNetwork.vcxproj", "{AAE368E8-6DB7-4FEB-BF0E-1679BC7069A6}"
EndProject
Project("{8BC9CEB8-8B4A-11D0-8D11-00A0C91BC942}") = "AgmdBullet", "BulletPhysics\BulletPhysics.vcxproj", "{5CDBBA34-D688-45EF-9F08-0337473AA3A0}"
EndProject
Project("{8BC9CEB8-8B4A-11D0-8D11-00A0C91BC942}") = "UnitTest", "UnitTest\UnitTest.vcxproj", "{A0BC0547-7C7A-4F4E-802F-89A91AB1D78A}"
	ProjectSection(ProjectDependencies) = postProject
		{D9865307-6A96-4D5F-9896-5F3BD446DC3E} = {D9865307-6A96-4D5F-9896-5F3BD446DC3E}
	EndProjectSection
EndProject
Project("{8BC9CEB8-8B4A-11D0-8D11-00A0C91BC942}") = "Bezier", "Bezier\Bezier.vcxproj", "{F9884D55-6231-4079-A743-0EE59DB2C6C8}"
	ProjectSection(ProjectDependencies) = postProject
		{817B101F-A66F-4709-B9A6-7BE47A9D3648} = {817B101F-A66F-4709-B9A6-7BE47A9D3648}
		{F8673B65-750A-4E24-A57F-157960E0D75A} = {F8673B65-750A-4E24-A57F-157960E0D75A}
		{559D2DB9-42C9-40DA-A5DA-752F610DC378} = {559D2DB9-42C9-40DA-A5DA-752F610DC378}
	EndProjectSection
EndProject
Project("{8BC9CEB8-8B4A-11D0-8D11-00A0C91BC942}") = "Planet", "Planet\Planet.vcxproj", "{3279626A-14AE-4ACC-871D-D44FB8C2C3FE}"
	ProjectSection(ProjectDependencies) = postProject
		{D9865307-6A96-4D5F-9896-5F3BD446DC3E} = {D9865307-6A96-4D5F-9896-5F3BD446DC3E}
		{817B101F-A66F-4709-B9A6-7BE47A9D3648} = {817B101F-A66F-4709-B9A6-7BE47A9D3648}
		{F8673B65-750A-4E24-A57F-157960E0D75A} = {F8673B65-750A-4E24-A57F-157960E0D75A}
		{559D2DB9-42C9-40DA-A5DA-752F610DC378} = {559D2DB9-42C9-40DA-A5DA-752F610DC378}
	EndProjectSection
EndProject
Project("{2150E333-8FDC-42A3-9474-1A3956D46DE8}") = "Sample", "Sample", "{F500EEAD-9D4B-4050-98B3-BB1523CEEFFC}"
EndProject
Project("{8BC9CEB8-8B4A-11D0-8D11-00A0C91BC942}") = "sample_reflexion", "..\samples\sample_reflexion\sample_reflexion.vcxproj", "{94B958A8-ECA6-4F8D-AAD2-66AC3A59372B}"
	ProjectSection(ProjectDependencies) = postProject
		{817B101F-A66F-4709-B9A6-7BE47A9D3648} = {817B101F-A66F-4709-B9A6-7BE47A9D3648}
		{F8673B65-750A-4E24-A57F-157960E0D75A} = {F8673B65-750A-4E24-A57F-157960E0D75A}
		{559D2DB9-42C9-40DA-A5DA-752F610DC378} = {559D2DB9-42C9-40DA-A5DA-752F610DC378}
	EndProjectSection
EndProject
Project("{8BC9CEB8-8B4A-11D0-8D11-00A0C91BC942}") = "sample_light", "..\samples\sample_light\sample_light.vcxproj", "{B953B789-7922-4952-AC2C-186E1845ABDC}"
	ProjectSection(ProjectDependencies) = postProject
		{D9865307-6A96-4D5F-9896-5F3BD446DC3E} = {D9865307-6A96-4D5F-9896-5F3BD446DC3E}
		{817B101F-A66F-4709-B9A6-7BE47A9D3648} = {817B101F-A66F-4709-B9A6-7BE47A9D3648}
		{F8673B65-750A-4E24-A57F-157960E0D75A} = {F8673B65-750A-4E24-A57F-157960E0D75A}
		{559D2DB9-42C9-40DA-A5DA-752F610DC378} = {559D2DB9-42C9-40DA-A5DA-752F610DC378}
	EndProjectSection
EndProject
Project("{8BC9CEB8-8B4A-11D0-8D11-00A0C91BC942}") = "sample_particle", "..\samples\sample_particle\sample_particle.vcxproj", "{EB739155-2A18-468E-A392-3F6B3EDA83C3}"
EndProject
Project("{8BC9CEB8-8B4A-11D0-8D11-00A0C91BC942}") = "sample_ssao", "..\samples\sample_ssao\sample_ssao.vcxproj", "{033BC4FB-1279-4B02-9150-E67A54C5DDF1}"
EndProject
Global
	GlobalSection(SolutionConfigurationPlatforms) = preSolution
		Debug_Profiling|Any CPU = Debug_Profiling|Any CPU
		Debug_Profiling|Mixed Platforms = Debug_Profiling|Mixed Platforms
		Debug_Profiling|Win32 = Debug_Profiling|Win32
		Debug_Profiling|x64 = Debug_Profiling|x64
		Debug|Any CPU = Debug|Any CPU
		Debug|Mixed Platforms = Debug|Mixed Platforms
		Debug|Win32 = Debug|Win32
		Debug|x64 = Debug|x64
		Release_No_Opti|Any CPU = Release_No_Opti|Any CPU
		Release_No_Opti|Mixed Platforms = Release_No_Opti|Mixed Platforms
		Release_No_Opti|Win32 = Release_No_Opti|Win32
		Release_No_Opti|x64 = Release_No_Opti|x64
		Release_Profiling|Any CPU = Release_Profiling|Any CPU
		Release_Profiling|Mixed Platforms = Release_Profiling|Mixed Platforms
		Release_Profiling|Win32 = Release_Profiling|Win32
		Release_Profiling|x64 = Release_Profiling|x64
		Release|Any CPU = Release|Any CPU
		Release|Mixed Platforms = Release|Mixed Platforms
		Release|Win32 = Release|Win32
		Release|x64 = Release|x64
	EndGlobalSection
	GlobalSection(ProjectConfigurationPlatforms) = postSolution
		{817B101F-A66F-4709-B9A6-7BE47A9D3648}.Debug_Profiling|Any CPU.ActiveCfg = Debug_Profiling|Win32
		{817B101F-A66F-4709-B9A6-7BE47A9D3648}.Debug_Profiling|Mixed Platforms.ActiveCfg = Debug_Profiling|Win32
		{817B101F-A66F-4709-B9A6-7BE47A9D3648}.Debug_Profiling|Mixed Platforms.Build.0 = Debug_Profiling|Win32
		{817B101F-A66F-4709-B9A6-7BE47A9D3648}.Debug_Profiling|Win32.ActiveCfg = Debug_Profiling|Win32
		{817B101F-A66F-4709-B9A6-7BE47A9D3648}.Debug_Profiling|Win32.Build.0 = Debug_Profiling|Win32
		{817B101F-A66F-4709-B9A6-7BE47A9D3648}.Debug_Profiling|x64.ActiveCfg = Debug_Profiling|x64
		{817B101F-A66F-4709-B9A6-7BE47A9D3648}.Debug_Profiling|x64.Build.0 = Debug_Profiling|x64
		{817B101F-A66F-4709-B9A6-7BE47A9D3648}.Debug|Any CPU.ActiveCfg = Debug|Win32
		{817B101F-A66F-4709-B9A6-7BE47A9D3648}.Debug|Mixed Platforms.ActiveCfg = Debug|Win32
		{817B101F-A66F-4709-B9A6-7BE47A9D3648}.Debug|Mixed Platforms.Build.0 = Debug|Win32
		{817B101F-A66F-4709-B9A6-7BE47A9D3648}.Debug|Win32.ActiveCfg = Debug|Win32
		{817B101F-A66F-4709-B9A6-7BE47A9D3648}.Debug|Win32.Build.0 = Debug|Win32
		{817B101F-A66F-4709-B9A6-7BE47A9D3648}.Debug|x64.ActiveCfg = Debug|x64
		{817B101F-A66F-4709-B9A6-7BE47A9D3648}.Debug|x64.Build.0 = Debug|x64
		{817B101F-A66F-4709-B9A6-7BE47A9D3648}.Release_No_Opti|Any CPU.ActiveCfg = Release_No_Opti|Win32
		{817B101F-A66F-4709-B9A6-7BE47A9D3648}.Release_No_Opti|Mixed Platforms.ActiveCfg = Release_No_Opti|Win32
		{817B101F-A66F-4709-B9A6-7BE47A9D3648}.Release_No_Opti|Mixed Platforms.Build.0 = Release_No_Opti|Win32
		{817B101F-A66F-4709-B9A6-7BE47A9D3648}.Release_No_Opti|Win32.ActiveCfg = Release_No_Opti|Win32
		{817B101F-A66F-4709-B9A6-7BE47A9D3648}.Release_No_Opti|Win32.Build.0 = Release_No_Opti|Win32
		{817B101F-A66F-4709-B9A6-7BE47A9D3648}.Release_No_Opti|x64.ActiveCfg = Release_No_Opti|x64
		{817B101F-A66F-4709-B9A6-7BE47A9D3648}.Release_No_Opti|x64.Build.0 = Release_No_Opti|x64
		{817B101F-A66F-4709-B9A6-7BE47A9D3648}.Release_Profiling|Any CPU.ActiveCfg = Release_Profiling|Win32
		{817B101F-A66F-4709-B9A6-7BE47A9D3648}.Release_Profiling|Mixed Platforms.ActiveCfg = Release_Profiling|Win32
		{817B101F-A66F-4709-B9A6-7BE47A9D3648}.Release_Profiling|Mixed Platforms.Build.0 = Release_Profiling|Win32
		{817B101F-A66F-4709-B9A6-7BE47A9D3648}.Release_Profiling|Win32.ActiveCfg = Release_Profiling|Win32
		{817B101F-A66F-4709-B9A6-7BE47A9D3648}.Release_Profiling|Win32.Build.0 = Release_Profiling|Win32
		{817B101F-A66F-4709-B9A6-7BE47A9D3648}.Release_Profiling|x64.ActiveCfg = Release_Profiling|x64
		{817B101F-A66F-4709-B9A6-7BE47A9D3648}.Release_Profiling|x64.Build.0 = Release_Profiling|x64
		{817B101F-A66F-4709-B9A6-7BE47A9D3648}.Release|Any CPU.ActiveCfg = Release|Win32
		{817B101F-A66F-4709-B9A6-7BE47A9D3648}.Release|Mixed Platforms.ActiveCfg = Release|Win32
		{817B101F-A66F-4709-B9A6-7BE47A9D3648}.Release|Mixed Platforms.Build.0 = Release|Win32
		{817B101F-A66F-4709-B9A6-7BE47A9D3648}.Release|Win32.ActiveCfg = Release|Win32
		{817B101F-A66F-4709-B9A6-7BE47A9D3648}.Release|Win32.Build.0 = Release|Win32
		{817B101F-A66F-4709-B9A6-7BE47A9D3648}.Release|x64.ActiveCfg = Release|x64
		{817B101F-A66F-4709-B9A6-7BE47A9D3648}.Release|x64.Build.0 = Release|x64
		{D9865307-6A96-4D5F-9896-5F3BD446DC3E}.Debug_Profiling|Any CPU.ActiveCfg = Debug_Profiling|Win32
		{D9865307-6A96-4D5F-9896-5F3BD446DC3E}.Debug_Profiling|Mixed Platforms.ActiveCfg = Debug_Profiling|Win32
		{D9865307-6A96-4D5F-9896-5F3BD446DC3E}.Debug_Profiling|Mixed Platforms.Build.0 = Debug_Profiling|Win32
		{D9865307-6A96-4D5F-9896-5F3BD446DC3E}.Debug_Profiling|Win32.ActiveCfg = Debug_Profiling|Win32
		{D9865307-6A96-4D5F-9896-5F3BD446DC3E}.Debug_Profiling|Win32.Build.0 = Debug_Profiling|Win32
		{D9865307-6A96-4D5F-9896-5F3BD446DC3E}.Debug_Profiling|x64.ActiveCfg = Debug_Profiling|x64
		{D9865307-6A96-4D5F-9896-5F3BD446DC3E}.Debug_Profiling|x64.Build.0 = Debug_Profiling|x64
		{D9865307-6A96-4D5F-9896-5F3BD446DC3E}.Debug|Any CPU.ActiveCfg = Debug|Win32
		{D9865307-6A96-4D5F-9896-5F3BD446DC3E}.Debug|Mixed Platforms.ActiveCfg = Debug|Win32
		{D9865307-6A96-4D5F-9896-5F3BD446DC3E}.Debug|Mixed Platforms.Build.0 = Debug|Win32
		{D9865307-6A96-4D5F-9896-5F3BD446DC3E}.Debug|Win32.ActiveCfg = Debug|Win32
		{D9865307-6A96-4D5F-9896-5F3BD446DC3E}.Debug|Win32.Build.0 = Debug|Win32
		{D9865307-6A96-4D5F-9896-5F3BD446DC3E}.Debug|x64.ActiveCfg = Debug|x64
		{D9865307-6A96-4D5F-9896-5F3BD446DC3E}.Debug|x64.Build.0 = Debug|x64
		{D9865307-6A96-4D5F-9896-5F3BD446DC3E}.Release_No_Opti|Any CPU.ActiveCfg = Release_No_Opti|Win32
		{D9865307-6A96-4D5F-9896-5F3BD446DC3E}.Release_No_Opti|Mixed Platforms.ActiveCfg = Release_No_Opti|Win32
		{D9865307-6A96-4D5F-9896-5F3BD446DC3E}.Release_No_Opti|Mixed Platforms.Build.0 = Release_No_Opti|Win32
		{D9865307-6A96-4D5F-9896-5F3BD446DC3E}.Release_No_Opti|Win32.ActiveCfg = Release_No_Opti|Win32
		{D9865307-6A96-4D5F-9896-5F3BD446DC3E}.Release_No_Opti|Win32.Build.0 = Release_No_Opti|Win32
		{D9865307-6A96-4D5F-9896-5F3BD446DC3E}.Release_No_Opti|x64.ActiveCfg = Release_No_Opti|x64
		{D9865307-6A96-4D5F-9896-5F3BD446DC3E}.Release_No_Opti|x64.Build.0 = Release_No_Opti|x64
		{D9865307-6A96-4D5F-9896-5F3BD446DC3E}.Release_Profiling|Any CPU.ActiveCfg = Release_Profiling|Win32
		{D9865307-6A96-4D5F-9896-5F3BD446DC3E}.Release_Profiling|Mixed Platforms.ActiveCfg = Release_Profiling|Win32
		{D9865307-6A96-4D5F-9896-5F3BD446DC3E}.Release_Profiling|Mixed Platforms.Build.0 = Release_Profiling|Win32
		{D9865307-6A96-4D5F-9896-5F3BD446DC3E}.Release_Profiling|Win32.ActiveCfg = Release_Profiling|Win32
		{D9865307-6A96-4D5F-9896-5F3BD446DC3E}.Release_Profiling|Win32.Build.0 = Release_Profiling|Win32
		{D9865307-6A96-4D5F-9896-5F3BD446DC3E}.Release_Profiling|x64.ActiveCfg = Release_Profiling|x64
		{D9865307-6A96-4D5F-9896-5F3BD446DC3E}.Release_Profiling|x64.Build.0 = Release_Profiling|x64
		{D9865307-6A96-4D5F-9896-5F3BD446DC3E}.Release|Any CPU.ActiveCfg = Release|Win32
		{D9865307-6A96-4D5F-9896-5F3BD446DC3E}.Release|Mixed Platforms.ActiveCfg = Release|Win32
		{D9865307-6A96-4D5F-9896-5F3BD446DC3E}.Release|Mixed Platforms.Build.0 = Release|Win32
		{D9865307-6A96-4D5F-9896-5F3BD446DC3E}.Release|Win32.ActiveCfg = Release|Win32
		{D9865307-6A96-4D5F-9896-5F3BD446DC3E}.Release|Win32.Build.0 = Release|Win32
		{D9865307-6A96-4D5F-9896-5F3BD446DC3E}.Release|x64.ActiveCfg = Release|x64
		{D9865307-6A96-4D5F-9896-5F3BD446DC3E}.Release|x64.Build.0 = Release|x64
		{501DBA9F-119E-4320-87F5-D695A3A7271F}.Debug_Profiling|Any CPU.ActiveCfg = Debug_Profiling|Win32
		{501DBA9F-119E-4320-87F5-D695A3A7271F}.Debug_Profiling|Mixed Platforms.ActiveCfg = Debug_Profiling|Win32
		{501DBA9F-119E-4320-87F5-D695A3A7271F}.Debug_Profiling|Mixed Platforms.Build.0 = Debug_Profiling|Win32
		{501DBA9F-119E-4320-87F5-D695A3A7271F}.Debug_Profiling|Win32.ActiveCfg = Debug_Profiling|Win32
		{501DBA9F-119E-4320-87F5-D695A3A7271F}.Debug_Profiling|Win32.Build.0 = Debug_Profiling|Win32
		{501DBA9F-119E-4320-87F5-D695A3A7271F}.Debug_Profiling|x64.ActiveCfg = Debug_Profiling|x64
		{501DBA9F-119E-4320-87F5-D695A3A7271F}.Debug_Profiling|x64.Build.0 = Debug_Profiling|x64
		{501DBA9F-119E-4320-87F5-D695A3A7271F}.Debug|Any CPU.ActiveCfg = Debug|Win32
		{501DBA9F-119E-4320-87F5-D695A3A7271F}.Debug|Mixed Platforms.ActiveCfg = Debug|Win32
		{501DBA9F-119E-4320-87F5-D695A3A7271F}.Debug|Mixed Platforms.Build.0 = Debug|Win32
		{501DBA9F-119E-4320-87F5-D695A3A7271F}.Debug|Win32.ActiveCfg = Debug|Win32
		{501DBA9F-119E-4320-87F5-D695A3A7271F}.Debug|Win32.Build.0 = Debug|Win32
		{501DBA9F-119E-4320-87F5-D695A3A7271F}.Debug|x64.ActiveCfg = Debug|x64
		{501DBA9F-119E-4320-87F5-D695A3A7271F}.Debug|x64.Build.0 = Debug|x64
		{501DBA9F-119E-4320-87F5-D695A3A7271F}.Release_No_Opti|Any CPU.ActiveCfg = Release_No_Opti|Win32
		{501DBA9F-119E-4320-87F5-D695A3A7271F}.Release_No_Opti|Mixed Platforms.ActiveCfg = Release_No_Opti|Win32
		{501DBA9F-119E-4320-87F5-D695A3A7271F}.Release_No_Opti|Mixed Platforms.Build.0 = Release_No_Opti|Win32
		{501DBA9F-119E-4320-87F5-D695A3A7271F}.Release_No_Opti|Win32.ActiveCfg = Release_No_Opti|Win32
		{501DBA9F-119E-4320-87F5-D695A3A7271F}.Release_No_Opti|Win32.Build.0 = Release_No_Opti|Win32
		{501DBA9F-119E-4320-87F5-D695A3A7271F}.Release_No_Opti|x64.ActiveCfg = Release_No_Opti|x64
		{501DBA9F-119E-4320-87F5-D695A3A7271F}.Release_No_Opti|x64.Build.0 = Release_No_Opti|x64
		{501DBA9F-119E-4320-87F5-D695A3A7271F}.Release_Profiling|Any CPU.ActiveCfg = Release_Profiling|Win32
		{501DBA9F-119E-4320-87F5-D695A3A7271F}.Release_Profiling|Mixed Platforms.ActiveCfg = Release_Profiling|Win32
		{501DBA9F-119E-4320-87F5-D695A3A7271F}.Release_Profiling|Mixed Platforms.Build.0 = Release_Profiling|Win32
		{501DBA9F-119E-4320-87F5-D695A3A7271F}.Release_Profiling|Win32.ActiveCfg = Release_Profiling|Win32
		{501DBA9F-119E-4320-87F5-D695A3A7271F}.Release_Profiling|Win32.Build.0 = Release_Profiling|Win32
		{501DBA9F-119E-4320-87F5-D695A3A7271F}.Release_Profiling|x64.ActiveCfg = Release_Profiling|x64
		{501DBA9F-119E-4320-87F5-D695A3A7271F}.Release_Profiling|x64.Build.0 = Release_Profiling|x64
		{501DBA9F-119E-4320-87F5-D695A3A7271F}.Release|Any CPU.ActiveCfg = Release|Win32
		{501DBA9F-119E-4320-87F5-D695A3A7271F}.Release|Mixed Platforms.ActiveCfg = Release|Win32
		{501DBA9F-119E-4320-87F5-D695A3A7271F}.Release|Mixed Platforms.Build.0 = Release|Win32
		{501DBA9F-119E-4320-87F5-D695A3A7271F}.Release|Win32.ActiveCfg = Release|Win32
		{501DBA9F-119E-4320-87F5-D695A3A7271F}.Release|Win32.Build.0 = Release|Win32
		{501DBA9F-119E-4320-87F5-D695A3A7271F}.Release|x64.ActiveCfg = Release|x64
		{501DBA9F-119E-4320-87F5-D695A3A7271F}.Release|x64.Build.0 = Release|x64
		{84EBD8A4-42F9-4F7F-98FC-56365A19BD38}.Debug_Profiling|Any CPU.ActiveCfg = Debug_Profiling|Win32
		{84EBD8A4-42F9-4F7F-98FC-56365A19BD38}.Debug_Profiling|Mixed Platforms.ActiveCfg = Debug_Profiling|Win32
		{84EBD8A4-42F9-4F7F-98FC-56365A19BD38}.Debug_Profiling|Mixed Platforms.Build.0 = Debug_Profiling|Win32
		{84EBD8A4-42F9-4F7F-98FC-56365A19BD38}.Debug_Profiling|Win32.ActiveCfg = Debug_Profiling|Win32
		{84EBD8A4-42F9-4F7F-98FC-56365A19BD38}.Debug_Profiling|Win32.Build.0 = Debug_Profiling|Win32
		{84EBD8A4-42F9-4F7F-98FC-56365A19BD38}.Debug_Profiling|x64.ActiveCfg = Debug_Profiling|x64
		{84EBD8A4-42F9-4F7F-98FC-56365A19BD38}.Debug_Profiling|x64.Build.0 = Debug_Profiling|x64
		{84EBD8A4-42F9-4F7F-98FC-56365A19BD38}.Debug|Any CPU.ActiveCfg = Debug|Win32
		{84EBD8A4-42F9-4F7F-98FC-56365A19BD38}.Debug|Mixed Platforms.ActiveCfg = Debug|Win32
		{84EBD8A4-42F9-4F7F-98FC-56365A19BD38}.Debug|Mixed Platforms.Build.0 = Debug|Win32
		{84EBD8A4-42F9-4F7F-98FC-56365A19BD38}.Debug|Win32.ActiveCfg = Debug|Win32
		{84EBD8A4-42F9-4F7F-98FC-56365A19BD38}.Debug|Win32.Build.0 = Debug|Win32
		{84EBD8A4-42F9-4F7F-98FC-56365A19BD38}.Debug|x64.ActiveCfg = Debug|x64
		{84EBD8A4-42F9-4F7F-98FC-56365A19BD38}.Debug|x64.Build.0 = Debug|x64
		{84EBD8A4-42F9-4F7F-98FC-56365A19BD38}.Release_No_Opti|Any CPU.ActiveCfg = Release_No_Opti|Win32
		{84EBD8A4-42F9-4F7F-98FC-56365A19BD38}.Release_No_Opti|Mixed Platforms.ActiveCfg = Release_No_Opti|Win32
		{84EBD8A4-42F9-4F7F-98FC-56365A19BD38}.Release_No_Opti|Mixed Platforms.Build.0 = Release_No_Opti|Win32
		{84EBD8A4-42F9-4F7F-98FC-56365A19BD38}.Release_No_Opti|Win32.ActiveCfg = Release_No_Opti|Win32
		{84EBD8A4-42F9-4F7F-98FC-56365A19BD38}.Release_No_Opti|Win32.Build.0 = Release_No_Opti|Win32
		{84EBD8A4-42F9-4F7F-98FC-56365A19BD38}.Release_No_Opti|x64.ActiveCfg = Release_No_Opti|x64
		{84EBD8A4-42F9-4F7F-98FC-56365A19BD38}.Release_No_Opti|x64.Build.0 = Release_No_Opti|x64
		{84EBD8A4-42F9-4F7F-98FC-56365A19BD38}.Release_Profiling|Any CPU.ActiveCfg = Release_Profiling|Win32
		{84EBD8A4-42F9-4F7F-98FC-56365A19BD38}.Release_Profiling|Mixed Platforms.ActiveCfg = Release_Profiling|Win32
		{84EBD8A4-42F9-4F7F-98FC-56365A19BD38}.Release_Profiling|Mixed Platforms.Build.0 = Release_Profiling|Win32
		{84EBD8A4-42F9-4F7F-98FC-56365A19BD38}.Release_Profiling|Win32.ActiveCfg = Release_Profiling|Win32
		{84EBD8A4-42F9-4F7F-98FC-56365A19BD38}.Release_Profiling|Win32.Build.0 = Release_Profiling|Win32
		{84EBD8A4-42F9-4F7F-98FC-56365A19BD38}.Release_Profiling|x64.ActiveCfg = Release_Profiling|x64
		{84EBD8A4-42F9-4F7F-98FC-56365A19BD38}.Release_Profiling|x64.Build.0 = Release_Profiling|x64
		{84EBD8A4-42F9-4F7F-98FC-56365A19BD38}.Release|Any CPU.ActiveCfg = Release|Win32
		{84EBD8A4-42F9-4F7F-98FC-56365A19BD38}.Release|Mixed Platforms.ActiveCfg = Release|Win32
		{84EBD8A4-42F9-4F7F-98FC-56365A19BD38}.Release|Mixed Platforms.Build.0 = Release|Win32
		{84EBD8A4-42F9-4F7F-98FC-56365A19BD38}.Release|Win32.ActiveCfg = Release|Win32
		{84EBD8A4-42F9-4F7F-98FC-56365A19BD38}.Release|Win32.Build.0 = Release|Win32
		{84EBD8A4-42F9-4F7F-98FC-56365A19BD38}.Release|x64.ActiveCfg = Release|x64
		{84EBD8A4-42F9-4F7F-98FC-56365A19BD38}.Release|x64.Build.0 = Release|x64
		{F8673B65-750A-4E24-A57F-157960E0D75A}.Debug_Profiling|Any CPU.ActiveCfg = Debug_Profiling|Win32
		{F8673B65-750A-4E24-A57F-157960E0D75A}.Debug_Profiling|Mixed Platforms.ActiveCfg = Debug_Profiling|Win32
		{F8673B65-750A-4E24-A57F-157960E0D75A}.Debug_Profiling|Mixed Platforms.Build.0 = Debug_Profiling|Win32
		{F8673B65-750A-4E24-A57F-157960E0D75A}.Debug_Profiling|Win32.ActiveCfg = Debug_Profiling|Win32
		{F8673B65-750A-4E24-A57F-157960E0D75A}.Debug_Profiling|Win32.Build.0 = Debug_Profiling|Win32
		{F8673B65-750A-4E24-A57F-157960E0D75A}.Debug_Profiling|x64.ActiveCfg = Debug_Profiling|x64
		{F8673B65-750A-4E24-A57F-157960E0D75A}.Debug_Profiling|x64.Build.0 = Debug_Profiling|x64
		{F8673B65-750A-4E24-A57F-157960E0D75A}.Debug|Any CPU.ActiveCfg = Debug|Win32
		{F8673B65-750A-4E24-A57F-157960E0D75A}.Debug|Mixed Platforms.ActiveCfg = Debug|Win32
		{F8673B65-750A-4E24-A57F-157960E0D75A}.Debug|Mixed Platforms.Build.0 = Debug|Win32
		{F8673B65-750A-4E24-A57F-157960E0D75A}.Debug|Win32.ActiveCfg = Debug|Win32
		{F8673B65-750A-4E24-A57F-157960E0D75A}.Debug|Win32.Build.0 = Debug|Win32
		{F8673B65-750A-4E24-A57F-157960E0D75A}.Debug|x64.ActiveCfg = Debug|x64
		{F8673B65-750A-4E24-A57F-157960E0D75A}.Debug|x64.Build.0 = Debug|x64
		{F8673B65-750A-4E24-A57F-157960E0D75A}.Release_No_Opti|Any CPU.ActiveCfg = Release_No_Opti|Win32
		{F8673B65-750A-4E24-A57F-157960E0D75A}.Release_No_Opti|Mixed Platforms.ActiveCfg = Release_No_Opti|Win32
		{F8673B65-750A-4E24-A57F-157960E0D75A}.Release_No_Opti|Mixed Platforms.Build.0 = Release_No_Opti|Win32
		{F8673B65-750A-4E24-A57F-157960E0D75A}.Release_No_Opti|Win32.ActiveCfg = Release_No_Opti|Win32
		{F8673B65-750A-4E24-A57F-157960E0D75A}.Release_No_Opti|Win32.Build.0 = Release_No_Opti|Win32
		{F8673B65-750A-4E24-A57F-157960E0D75A}.Release_No_Opti|x64.ActiveCfg = Release_No_Opti|x64
		{F8673B65-750A-4E24-A57F-157960E0D75A}.Release_No_Opti|x64.Build.0 = Release_No_Opti|x64
		{F8673B65-750A-4E24-A57F-157960E0D75A}.Release_Profiling|Any CPU.ActiveCfg = Release_Profiling|Win32
		{F8673B65-750A-4E24-A57F-157960E0D75A}.Release_Profiling|Mixed Platforms.ActiveCfg = Release_Profiling|Win32
		{F8673B65-750A-4E24-A57F-157960E0D75A}.Release_Profiling|Mixed Platforms.Build.0 = Release_Profiling|Win32
		{F8673B65-750A-4E24-A57F-157960E0D75A}.Release_Profiling|Win32.ActiveCfg = Release_Profiling|Win32
		{F8673B65-750A-4E24-A57F-157960E0D75A}.Release_Profiling|Win32.Build.0 = Release_Profiling|Win32
		{F8673B65-750A-4E24-A57F-157960E0D75A}.Release_Profiling|x64.ActiveCfg = Release_Profiling|x64
		{F8673B65-750A-4E24-A57F-157960E0D75A}.Release_Profiling|x64.Build.0 = Release_Profiling|x64
		{F8673B65-750A-4E24-A57F-157960E0D75A}.Release|Any CPU.ActiveCfg = Release|Win32
		{F8673B65-750A-4E24-A57F-157960E0D75A}.Release|Mixed Platforms.ActiveCfg = Release|Win32
		{F8673B65-750A-4E24-A57F-157960E0D75A}.Release|Mixed Platforms.Build.0 = Release|Win32
		{F8673B65-750A-4E24-A57F-157960E0D75A}.Release|Win32.ActiveCfg = Release|Win32
		{F8673B65-750A-4E24-A57F-157960E0D75A}.Release|Win32.Build.0 = Release|Win32
		{F8673B65-750A-4E24-A57F-157960E0D75A}.Release|x64.ActiveCfg = Release|x64
		{F8673B65-750A-4E24-A57F-157960E0D75A}.Release|x64.Build.0 = Release|x64
		{989445B9-9715-4475-9807-9D2FFF60C814}.Debug_Profiling|Any CPU.ActiveCfg = Debug_Profiling|Win32
		{989445B9-9715-4475-9807-9D2FFF60C814}.Debug_Profiling|Mixed Platforms.ActiveCfg = Debug_Profiling|Win32
		{989445B9-9715-4475-9807-9D2FFF60C814}.Debug_Profiling|Mixed Platforms.Build.0 = Debug_Profiling|Win32
		{989445B9-9715-4475-9807-9D2FFF60C814}.Debug_Profiling|Win32.ActiveCfg = Debug_Profiling|Win32
		{989445B9-9715-4475-9807-9D2FFF60C814}.Debug_Profiling|Win32.Build.0 = Debug_Profiling|Win32
		{989445B9-9715-4475-9807-9D2FFF60C814}.Debug_Profiling|x64.ActiveCfg = Debug_Profiling|x64
		{989445B9-9715-4475-9807-9D2FFF60C814}.Debug_Profiling|x64.Build.0 = Debug_Profiling|x64
		{989445B9-9715-4475-9807-9D2FFF60C814}.Debug|Any CPU.ActiveCfg = Debug|Win32
		{989445B9-9715-4475-9807-9D2FFF60C814}.Debug|Mixed Platforms.ActiveCfg = Debug|Win32
		{989445B9-9715-4475-9807-9D2FFF60C814}.Debug|Mixed Platforms.Build.0 = Debug|Win32
		{989445B9-9715-4475-9807-9D2FFF60C814}.Debug|Win32.ActiveCfg = Debug|Win32
		{989445B9-9715-4475-9807-9D2FFF60C814}.Debug|Win32.Build.0 = Debug|Win32
		{989445B9-9715-4475-9807-9D2FFF60C814}.Debug|x64.ActiveCfg = Debug|x64
		{989445B9-9715-4475-9807-9D2FFF60C814}.Debug|x64.Build.0 = Debug|x64
		{989445B9-9715-4475-9807-9D2FFF60C814}.Release_No_Opti|Any CPU.ActiveCfg = Release_No_Opti|Win32
		{989445B9-9715-4475-9807-9D2FFF60C814}.Release_No_Opti|Mixed Platforms.ActiveCfg = Release_No_Opti|Win32
		{989445B9-9715-4475-9807-9D2FFF60C814}.Release_No_Opti|Mixed Platforms.Build.0 = Release_No_Opti|Win32
		{989445B9-9715-4475-9807-9D2FFF60C814}.Release_No_Opti|Win32.ActiveCfg = Release_No_Opti|Win32
		{989445B9-9715-4475-9807-9D2FFF60C814}.Release_No_Opti|Win32.Build.0 = Release_No_Opti|Win32
		{989445B9-9715-4475-9807-9D2FFF60C814}.Release_No_Opti|x64.ActiveCfg = Release_No_Opti|x64
		{989445B9-9715-4475-9807-9D2FFF60C814}.Release_No_Opti|x64.Build.0 = Release_No_Opti|x64
		{989445B9-9715-4475-9807-9D2FFF60C814}.Release_Profiling|Any CPU.ActiveCfg = Release_Profiling|Win32
		{989445B9-9715-4475-9807-9D2FFF60C814}.Release_Profiling|Mixed Platforms.ActiveCfg = Release_Profiling|Win32
		{989445B9-9715-4475-9807-9D2FFF60C814}.Release_Profiling|Mixed Platforms.Build.0 = Release_Profiling|Win32
		{989445B9-9715-4475-9807-9D2FFF60C814}.Release_Profiling|Win32.ActiveCfg = Release_Profiling|Win32
		{989445B9-9715-4475-9807-9D2FFF60C814}.Release_Profiling|Win32.Build.0 = Release_Profiling|Win32
		{989445B9-9715-4475-9807-9D2FFF60C814}.Release_Profiling|x64.ActiveCfg = Release_Profiling|x64
		{989445B9-9715-4475-9807-9D2FFF60C814}.Release_Profiling|x64.Build.0 = Release_Profiling|x64
		{989445B9-9715-4475-9807-9D2FFF60C814}.Release|Any CPU.ActiveCfg = Release|Win32
		{989445B9-9715-4475-9807-9D2FFF60C814}.Release|Mixed Platforms.ActiveCfg = Release|Win32
		{989445B9-9715-4475-9807-9D2FFF60C814}.Release|Mixed Platforms.Build.0 = Release|Win32
		{989445B9-9715-4475-9807-9D2FFF60C814}.Release|Win32.ActiveCfg = Release|Win32
		{989445B9-9715-4475-9807-9D2FFF60C814}.Release|Win32.Build.0 = Release|Win32
		{989445B9-9715-4475-9807-9D2FFF60C814}.Release|x64.ActiveCfg = Release|x64
		{989445B9-9715-4475-9807-9D2FFF60C814}.Release|x64.Build.0 = Release|x64
		{559D2DB9-42C9-40DA-A5DA-752F610DC378}.Debug_Profiling|Any CPU.ActiveCfg = Debug_Profiling|Win32
		{559D2DB9-42C9-40DA-A5DA-752F610DC378}.Debug_Profiling|Mixed Platforms.ActiveCfg = Debug_Profiling|Win32
		{559D2DB9-42C9-40DA-A5DA-752F610DC378}.Debug_Profiling|Mixed Platforms.Build.0 = Debug_Profiling|Win32
		{559D2DB9-42C9-40DA-A5DA-752F610DC378}.Debug_Profiling|Win32.ActiveCfg = Debug_Profiling|Win32
		{559D2DB9-42C9-40DA-A5DA-752F610DC378}.Debug_Profiling|Win32.Build.0 = Debug_Profiling|Win32
		{559D2DB9-42C9-40DA-A5DA-752F610DC378}.Debug_Profiling|x64.ActiveCfg = Debug_Profiling|x64
		{559D2DB9-42C9-40DA-A5DA-752F610DC378}.Debug_Profiling|x64.Build.0 = Debug_Profiling|x64
		{559D2DB9-42C9-40DA-A5DA-752F610DC378}.Debug|Any CPU.ActiveCfg = Debug|Win32
		{559D2DB9-42C9-40DA-A5DA-752F610DC378}.Debug|Mixed Platforms.ActiveCfg = Debug|Win32
		{559D2DB9-42C9-40DA-A5DA-752F610DC378}.Debug|Mixed Platforms.Build.0 = Debug|Win32
		{559D2DB9-42C9-40DA-A5DA-752F610DC378}.Debug|Win32.ActiveCfg = Debug|Win32
		{559D2DB9-42C9-40DA-A5DA-752F610DC378}.Debug|Win32.Build.0 = Debug|Win32
		{559D2DB9-42C9-40DA-A5DA-752F610DC378}.Debug|x64.ActiveCfg = Debug|x64
		{559D2DB9-42C9-40DA-A5DA-752F610DC378}.Debug|x64.Build.0 = Debug|x64
		{559D2DB9-42C9-40DA-A5DA-752F610DC378}.Release_No_Opti|Any CPU.ActiveCfg = Release_No_Opti|Win32
		{559D2DB9-42C9-40DA-A5DA-752F610DC378}.Release_No_Opti|Mixed Platforms.ActiveCfg = Release_No_Opti|Win32
		{559D2DB9-42C9-40DA-A5DA-752F610DC378}.Release_No_Opti|Mixed Platforms.Build.0 = Release_No_Opti|Win32
		{559D2DB9-42C9-40DA-A5DA-752F610DC378}.Release_No_Opti|Win32.ActiveCfg = Release_No_Opti|Win32
		{559D2DB9-42C9-40DA-A5DA-752F610DC378}.Release_No_Opti|Win32.Build.0 = Release_No_Opti|Win32
		{559D2DB9-42C9-40DA-A5DA-752F610DC378}.Release_No_Opti|x64.ActiveCfg = Release_No_Opti|x64
		{559D2DB9-42C9-40DA-A5DA-752F610DC378}.Release_No_Opti|x64.Build.0 = Release_No_Opti|x64
		{559D2DB9-42C9-40DA-A5DA-752F610DC378}.Release_Profiling|Any CPU.ActiveCfg = Release_Profiling|Win32
		{559D2DB9-42C9-40DA-A5DA-752F610DC378}.Release_Profiling|Mixed Platforms.ActiveCfg = Release_Profiling|Win32
		{559D2DB9-42C9-40DA-A5DA-752F610DC378}.Release_Profiling|Mixed Platforms.Build.0 = Release_Profiling|Win32
		{559D2DB9-42C9-40DA-A5DA-752F610DC378}.Release_Profiling|Win32.ActiveCfg = Release_Profiling|Win32
		{559D2DB9-42C9-40DA-A5DA-752F610DC378}.Release_Profiling|Win32.Build.0 = Release_Profiling|Win32
		{559D2DB9-42C9-40DA-A5DA-752F610DC378}.Release_Profiling|x64.ActiveCfg = Release_Profiling|x64
		{559D2DB9-42C9-40DA-A5DA-752F610DC378}.Release_Profiling|x64.Build.0 = Release_Profiling|x64
		{559D2DB9-42C9-40DA-A5DA-752F610DC378}.Release|Any CPU.ActiveCfg = Release|Win32
		{559D2DB9-42C9-40DA-A5DA-752F610DC378}.Release|Mixed Platforms.ActiveCfg = Release|Win32
		{559D2DB9-42C9-40DA-A5DA-752F610DC378}.Release|Mixed Platforms.Build.0 = Release|Win32
		{559D2DB9-42C9-40DA-A5DA-752F610DC378}.Release|Win32.ActiveCfg = Release|Win32
		{559D2DB9-42C9-40DA-A5DA-752F610DC378}.Release|Win32.Build.0 = Release|Win32
		{559D2DB9-42C9-40DA-A5DA-752F610DC378}.Release|x64.ActiveCfg = Release|x64
		{559D2DB9-42C9-40DA-A5DA-752F610DC378}.Release|x64.Build.0 = Release|x64
		{AAE368E8-6DB7-4FEB-BF0E-1679BC7069A6}.Debug_Profiling|Any CPU.ActiveCfg = Debug_Profiling|Win32
		{AAE368E8-6DB7-4FEB-BF0E-1679BC7069A6}.Debug_Profiling|Mixed Platforms.ActiveCfg = Debug_Profiling|Win32
		{AAE368E8-6DB7-4FEB-BF0E-1679BC7069A6}.Debug_Profiling|Mixed Platforms.Build.0 = Debug_Profiling|Win32
		{AAE368E8-6DB7-4FEB-BF0E-1679BC7069A6}.Debug_Profiling|Win32.ActiveCfg = Debug_Profiling|Win32
		{AAE368E8-6DB7-4FEB-BF0E-1679BC7069A6}.Debug_Profiling|Win32.Build.0 = Debug_Profiling|Win32
		{AAE368E8-6DB7-4FEB-BF0E-1679BC7069A6}.Debug_Profiling|x64.ActiveCfg = Debug_Profiling|x64
		{AAE368E8-6DB7-4FEB-BF0E-1679BC7069A6}.Debug_Profiling|x64.Build.0 = Debug_Profiling|x64
		{AAE368E8-6DB7-4FEB-BF0E-1679BC7069A6}.Debug|Any CPU.ActiveCfg = Debug|Win32
		{AAE368E8-6DB7-4FEB-BF0E-1679BC7069A6}.Debug|Mixed Platforms.ActiveCfg = Debug|Win32
		{AAE368E8-6DB7-4FEB-BF0E-1679BC7069A6}.Debug|Mixed Platforms.Build.0 = Debug|Win32
		{AAE368E8-6DB7-4FEB-BF0E-1679BC7069A6}.Debug|Win32.ActiveCfg = Debug|Win32
		{AAE368E8-6DB7-4FEB-BF0E-1679BC7069A6}.Debug|Win32.Build.0 = Debug|Win32
		{AAE368E8-6DB7-4FEB-BF0E-1679BC7069A6}.Debug|x64.ActiveCfg = Debug|x64
		{AAE368E8-6DB7-4FEB-BF0E-1679BC7069A6}.Debug|x64.Build.0 = Debug|x64
		{AAE368E8-6DB7-4FEB-BF0E-1679BC7069A6}.Release_No_Opti|Any CPU.ActiveCfg = Release_No_Opti|Win32
		{AAE368E8-6DB7-4FEB-BF0E-1679BC7069A6}.Release_No_Opti|Mixed Platforms.ActiveCfg = Release_No_Opti|Win32
		{AAE368E8-6DB7-4FEB-BF0E-1679BC7069A6}.Release_No_Opti|Mixed Platforms.Build.0 = Release_No_Opti|Win32
		{AAE368E8-6DB7-4FEB-BF0E-1679BC7069A6}.Release_No_Opti|Win32.ActiveCfg = Release_No_Opti|Win32
		{AAE368E8-6DB7-4FEB-BF0E-1679BC7069A6}.Release_No_Opti|Win32.Build.0 = Release_No_Opti|Win32
		{AAE368E8-6DB7-4FEB-BF0E-1679BC7069A6}.Release_No_Opti|x64.ActiveCfg = Release_No_Opti|x64
		{AAE368E8-6DB7-4FEB-BF0E-1679BC7069A6}.Release_No_Opti|x64.Build.0 = Release_No_Opti|x64
		{AAE368E8-6DB7-4FEB-BF0E-1679BC7069A6}.Release_Profiling|Any CPU.ActiveCfg = Release_Profiling|Win32
		{AAE368E8-6DB7-4FEB-BF0E-1679BC7069A6}.Release_Profiling|Mixed Platforms.ActiveCfg = Release_Profiling|Win32
		{AAE368E8-6DB7-4FEB-BF0E-1679BC7069A6}.Release_Profiling|Mixed Platforms.Build.0 = Release_Profiling|Win32
		{AAE368E8-6DB7-4FEB-BF0E-1679BC7069A6}.Release_Profiling|Win32.ActiveCfg = Release_Profiling|Win32
		{AAE368E8-6DB7-4FEB-BF0E-1679BC7069A6}.Release_Profiling|Win32.Build.0 = Release_Profiling|Win32
		{AAE368E8-6DB7-4FEB-BF0E-1679BC7069A6}.Release_Profiling|x64.ActiveCfg = Release_Profiling|x64
		{AAE368E8-6DB7-4FEB-BF0E-1679BC7069A6}.Release_Profiling|x64.Build.0 = Release_Profiling|x64
		{AAE368E8-6DB7-4FEB-BF0E-1679BC7069A6}.Release|Any CPU.ActiveCfg = Release|Win32
		{AAE368E8-6DB7-4FEB-BF0E-1679BC7069A6}.Release|Mixed Platforms.ActiveCfg = Release|Win32
		{AAE368E8-6DB7-4FEB-BF0E-1679BC7069A6}.Release|Mixed Platforms.Build.0 = Release|Win32
		{AAE368E8-6DB7-4FEB-BF0E-1679BC7069A6}.Release|Win32.ActiveCfg = Release|Win32
		{AAE368E8-6DB7-4FEB-BF0E-1679BC7069A6}.Release|Win32.Build.0 = Release|Win32
		{AAE368E8-6DB7-4FEB-BF0E-1679BC7069A6}.Release|x64.ActiveCfg = Release|x64
		{AAE368E8-6DB7-4FEB-BF0E-1679BC7069A6}.Release|x64.Build.0 = Release|x64
		{5CDBBA34-D688-45EF-9F08-0337473AA3A0}.Debug_Profiling|Any CPU.ActiveCfg = Debug_Profiling|Win32
		{5CDBBA34-D688-45EF-9F08-0337473AA3A0}.Debug_Profiling|Mixed Platforms.ActiveCfg = Debug_Profiling|Win32
		{5CDBBA34-D688-45EF-9F08-0337473AA3A0}.Debug_Profiling|Mixed Platforms.Build.0 = Debug_Profiling|Win32
		{5CDBBA34-D688-45EF-9F08-0337473AA3A0}.Debug_Profiling|Win32.ActiveCfg = Debug_Profiling|Win32
		{5CDBBA34-D688-45EF-9F08-0337473AA3A0}.Debug_Profiling|Win32.Build.0 = Debug_Profiling|Win32
		{5CDBBA34-D688-45EF-9F08-0337473AA3A0}.Debug_Profiling|x64.ActiveCfg = Debug_Profiling|x64
		{5CDBBA34-D688-45EF-9F08-0337473AA3A0}.Debug_Profiling|x64.Build.0 = Debug_Profiling|x64
		{5CDBBA34-D688-45EF-9F08-0337473AA3A0}.Debug|Any CPU.ActiveCfg = Debug|Win32
		{5CDBBA34-D688-45EF-9F08-0337473AA3A0}.Debug|Mixed Platforms.ActiveCfg = Debug|Win32
		{5CDBBA34-D688-45EF-9F08-0337473AA3A0}.Debug|Mixed Platforms.Build.0 = Debug|Win32
		{5CDBBA34-D688-45EF-9F08-0337473AA3A0}.Debug|Win32.ActiveCfg = Debug|Win32
		{5CDBBA34-D688-45EF-9F08-0337473AA3A0}.Debug|Win32.Build.0 = Debug|Win32
		{5CDBBA34-D688-45EF-9F08-0337473AA3A0}.Debug|x64.ActiveCfg = Debug|x64
		{5CDBBA34-D688-45EF-9F08-0337473AA3A0}.Debug|x64.Build.0 = Debug|x64
		{5CDBBA34-D688-45EF-9F08-0337473AA3A0}.Release_No_Opti|Any CPU.ActiveCfg = Release|Win32
		{5CDBBA34-D688-45EF-9F08-0337473AA3A0}.Release_No_Opti|Mixed Platforms.ActiveCfg = Release|Win32
		{5CDBBA34-D688-45EF-9F08-0337473AA3A0}.Release_No_Opti|Mixed Platforms.Build.0 = Release|Win32
		{5CDBBA34-D688-45EF-9F08-0337473AA3A0}.Release_No_Opti|Win32.ActiveCfg = Release|x64
		{5CDBBA34-D688-45EF-9F08-0337473AA3A0}.Release_No_Opti|x64.ActiveCfg = Release|x64
		{5CDBBA34-D688-45EF-9F08-0337473AA3A0}.Release_No_Opti|x64.Build.0 = Release|x64
		{5CDBBA34-D688-45EF-9F08-0337473AA3A0}.Release_Profiling|Any CPU.ActiveCfg = Release_Profiling|Win32
		{5CDBBA34-D688-45EF-9F08-0337473AA3A0}.Release_Profiling|Mixed Platforms.ActiveCfg = Release_Profiling|Win32
		{5CDBBA34-D688-45EF-9F08-0337473AA3A0}.Release_Profiling|Mixed Platforms.Build.0 = Release_Profiling|Win32
		{5CDBBA34-D688-45EF-9F08-0337473AA3A0}.Release_Profiling|Win32.ActiveCfg = Release_Profiling|Win32
		{5CDBBA34-D688-45EF-9F08-0337473AA3A0}.Release_Profiling|Win32.Build.0 = Release_Profiling|Win32
		{5CDBBA34-D688-45EF-9F08-0337473AA3A0}.Release_Profiling|x64.ActiveCfg = Release_Profiling|x64
		{5CDBBA34-D688-45EF-9F08-0337473AA3A0}.Release_Profiling|x64.Build.0 = Release_Profiling|x64
		{5CDBBA34-D688-45EF-9F08-0337473AA3A0}.Release|Any CPU.ActiveCfg = Release|Win32
		{5CDBBA34-D688-45EF-9F08-0337473AA3A0}.Release|Mixed Platforms.ActiveCfg = Release|Win32
		{5CDBBA34-D688-45EF-9F08-0337473AA3A0}.Release|Mixed Platforms.Build.0 = Release|Win32
		{5CDBBA34-D688-45EF-9F08-0337473AA3A0}.Release|Win32.ActiveCfg = Release|Win32
		{5CDBBA34-D688-45EF-9F08-0337473AA3A0}.Release|Win32.Build.0 = Release|Win32
		{5CDBBA34-D688-45EF-9F08-0337473AA3A0}.Release|x64.ActiveCfg = Release|x64
		{5CDBBA34-D688-45EF-9F08-0337473AA3A0}.Release|x64.Build.0 = Release|x64
		{A0BC0547-7C7A-4F4E-802F-89A91AB1D78A}.Debug_Profiling|Any CPU.ActiveCfg = Debug|Win32
		{A0BC0547-7C7A-4F4E-802F-89A91AB1D78A}.Debug_Profiling|Mixed Platforms.ActiveCfg = Debug|Win32
		{A0BC0547-7C7A-4F4E-802F-89A91AB1D78A}.Debug_Profiling|Mixed Platforms.Build.0 = Debug|Win32
		{A0BC0547-7C7A-4F4E-802F-89A91AB1D78A}.Debug_Profiling|Win32.ActiveCfg = Debug|Win32
		{A0BC0547-7C7A-4F4E-802F-89A91AB1D78A}.Debug_Profiling|Win32.Build.0 = Debug|Win32
		{A0BC0547-7C7A-4F4E-802F-89A91AB1D78A}.Debug_Profiling|x64.ActiveCfg = Debug|Win32
		{A0BC0547-7C7A-4F4E-802F-89A91AB1D78A}.Debug|Any CPU.ActiveCfg = Debug|Win32
		{A0BC0547-7C7A-4F4E-802F-89A91AB1D78A}.Debug|Mixed Platforms.ActiveCfg = Debug|Win32
		{A0BC0547-7C7A-4F4E-802F-89A91AB1D78A}.Debug|Mixed Platforms.Build.0 = Debug|Win32
		{A0BC0547-7C7A-4F4E-802F-89A91AB1D78A}.Debug|Win32.ActiveCfg = Debug|Win32
		{A0BC0547-7C7A-4F4E-802F-89A91AB1D78A}.Debug|Win32.Build.0 = Debug|Win32
		{A0BC0547-7C7A-4F4E-802F-89A91AB1D78A}.Debug|x64.ActiveCfg = Debug|Win32
		{A0BC0547-7C7A-4F4E-802F-89A91AB1D78A}.Release_No_Opti|Any CPU.ActiveCfg = Release|Win32
		{A0BC0547-7C7A-4F4E-802F-89A91AB1D78A}.Release_No_Opti|Mixed Platforms.ActiveCfg = Release|Win32
		{A0BC0547-7C7A-4F4E-802F-89A91AB1D78A}.Release_No_Opti|Mixed Platforms.Build.0 = Release|Win32
		{A0BC0547-7C7A-4F4E-802F-89A91AB1D78A}.Release_No_Opti|Win32.ActiveCfg = Release|Win32
		{A0BC0547-7C7A-4F4E-802F-89A91AB1D78A}.Release_No_Opti|Win32.Build.0 = Release|Win32
		{A0BC0547-7C7A-4F4E-802F-89A91AB1D78A}.Release_No_Opti|x64.ActiveCfg = Release|Win32
		{A0BC0547-7C7A-4F4E-802F-89A91AB1D78A}.Release_Profiling|Any CPU.ActiveCfg = Release|Win32
		{A0BC0547-7C7A-4F4E-802F-89A91AB1D78A}.Release_Profiling|Mixed Platforms.ActiveCfg = Release|Win32
		{A0BC0547-7C7A-4F4E-802F-89A91AB1D78A}.Release_Profiling|Mixed Platforms.Build.0 = Release|Win32
		{A0BC0547-7C7A-4F4E-802F-89A91AB1D78A}.Release_Profiling|Win32.ActiveCfg = Release|Win32
		{A0BC0547-7C7A-4F4E-802F-89A91AB1D78A}.Release_Profiling|Win32.Build.0 = Release|Win32
		{A0BC0547-7C7A-4F4E-802F-89A91AB1D78A}.Release_Profiling|x64.ActiveCfg = Release|Win32
		{A0BC0547-7C7A-4F4E-802F-89A91AB1D78A}.Release|Any CPU.ActiveCfg = Release|Win32
		{A0BC0547-7C7A-4F4E-802F-89A91AB1D78A}.Release|Mixed Platforms.ActiveCfg = Release|Win32
		{A0BC0547-7C7A-4F4E-802F-89A91AB1D78A}.Release|Mixed Platforms.Build.0 = Release|Win32
		{A0BC0547-7C7A-4F4E-802F-89A91AB1D78A}.Release|Win32.ActiveCfg = Release|Win32
		{A0BC0547-7C7A-4F4E-802F-89A91AB1D78A}.Release|Win32.Build.0 = Release|Win32
		{A0BC0547-7C7A-4F4E-802F-89A91AB1D78A}.Release|x64.ActiveCfg = Release|Win32
		{F9884D55-6231-4079-A743-0EE59DB2C6C8}.Debug_Profiling|Any CPU.ActiveCfg = Debug_Profiling|Win32
		{F9884D55-6231-4079-A743-0EE59DB2C6C8}.Debug_Profiling|Mixed Platforms.ActiveCfg = Debug_Profiling|Win32
		{F9884D55-6231-4079-A743-0EE59DB2C6C8}.Debug_Profiling|Mixed Platforms.Build.0 = Debug_Profiling|Win32
		{F9884D55-6231-4079-A743-0EE59DB2C6C8}.Debug_Profiling|Win32.ActiveCfg = Debug_Profiling|Win32
		{F9884D55-6231-4079-A743-0EE59DB2C6C8}.Debug_Profiling|Win32.Build.0 = Debug_Profiling|Win32
		{F9884D55-6231-4079-A743-0EE59DB2C6C8}.Debug_Profiling|x64.ActiveCfg = Debug_Profiling|x64
		{F9884D55-6231-4079-A743-0EE59DB2C6C8}.Debug_Profiling|x64.Build.0 = Debug_Profiling|x64
		{F9884D55-6231-4079-A743-0EE59DB2C6C8}.Debug|Any CPU.ActiveCfg = Debug|Win32
		{F9884D55-6231-4079-A743-0EE59DB2C6C8}.Debug|Mixed Platforms.ActiveCfg = Debug|Win32
		{F9884D55-6231-4079-A743-0EE59DB2C6C8}.Debug|Mixed Platforms.Build.0 = Debug|Win32
		{F9884D55-6231-4079-A743-0EE59DB2C6C8}.Debug|Win32.ActiveCfg = Debug|Win32
		{F9884D55-6231-4079-A743-0EE59DB2C6C8}.Debug|Win32.Build.0 = Debug|Win32
		{F9884D55-6231-4079-A743-0EE59DB2C6C8}.Debug|x64.ActiveCfg = Debug|x64
		{F9884D55-6231-4079-A743-0EE59DB2C6C8}.Debug|x64.Build.0 = Debug|x64
		{F9884D55-6231-4079-A743-0EE59DB2C6C8}.Release_No_Opti|Any CPU.ActiveCfg = Release_No_Opti|Win32
		{F9884D55-6231-4079-A743-0EE59DB2C6C8}.Release_No_Opti|Mixed Platforms.ActiveCfg = Release_No_Opti|Win32
		{F9884D55-6231-4079-A743-0EE59DB2C6C8}.Release_No_Opti|Mixed Platforms.Build.0 = Release_No_Opti|Win32
		{F9884D55-6231-4079-A743-0EE59DB2C6C8}.Release_No_Opti|Win32.ActiveCfg = Release_No_Opti|Win32
		{F9884D55-6231-4079-A743-0EE59DB2C6C8}.Release_No_Opti|Win32.Build.0 = Release_No_Opti|Win32
		{F9884D55-6231-4079-A743-0EE59DB2C6C8}.Release_No_Opti|x64.ActiveCfg = Release_No_Opti|x64
		{F9884D55-6231-4079-A743-0EE59DB2C6C8}.Release_No_Opti|x64.Build.0 = Release_No_Opti|x64
		{F9884D55-6231-4079-A743-0EE59DB2C6C8}.Release_Profiling|Any CPU.ActiveCfg = Release_Profiling|Win32
		{F9884D55-6231-4079-A743-0EE59DB2C6C8}.Release_Profiling|Mixed Platforms.ActiveCfg = Release_Profiling|Win32
		{F9884D55-6231-4079-A743-0EE59DB2C6C8}.Release_Profiling|Mixed Platforms.Build.0 = Release_Profiling|Win32
		{F9884D55-6231-4079-A743-0EE59DB2C6C8}.Release_Profiling|Win32.ActiveCfg = Release_Profiling|Win32
		{F9884D55-6231-4079-A743-0EE59DB2C6C8}.Release_Profiling|Win32.Build.0 = Release_Profiling|Win32
		{F9884D55-6231-4079-A743-0EE59DB2C6C8}.Release_Profiling|x64.ActiveCfg = Release_Profiling|x64
		{F9884D55-6231-4079-A743-0EE59DB2C6C8}.Release_Profiling|x64.Build.0 = Release_Profiling|x64
		{F9884D55-6231-4079-A743-0EE59DB2C6C8}.Release|Any CPU.ActiveCfg = Release|Win32
		{F9884D55-6231-4079-A743-0EE59DB2C6C8}.Release|Mixed Platforms.ActiveCfg = Release|Win32
		{F9884D55-6231-4079-A743-0EE59DB2C6C8}.Release|Mixed Platforms.Build.0 = Release|Win32
		{F9884D55-6231-4079-A743-0EE59DB2C6C8}.Release|Win32.ActiveCfg = Release|Win32
		{F9884D55-6231-4079-A743-0EE59DB2C6C8}.Release|Win32.Build.0 = Release|Win32
		{F9884D55-6231-4079-A743-0EE59DB2C6C8}.Release|x64.ActiveCfg = Release|x64
		{F9884D55-6231-4079-A743-0EE59DB2C6C8}.Release|x64.Build.0 = Release|x64
		{3279626A-14AE-4ACC-871D-D44FB8C2C3FE}.Debug_Profiling|Any CPU.ActiveCfg = Debug_Profiling|Win32
		{3279626A-14AE-4ACC-871D-D44FB8C2C3FE}.Debug_Profiling|Mixed Platforms.ActiveCfg = Debug_Profiling|Win32
		{3279626A-14AE-4ACC-871D-D44FB8C2C3FE}.Debug_Profiling|Mixed Platforms.Build.0 = Debug_Profiling|Win32
		{3279626A-14AE-4ACC-871D-D44FB8C2C3FE}.Debug_Profiling|Win32.ActiveCfg = Debug_Profiling|Win32
		{3279626A-14AE-4ACC-871D-D44FB8C2C3FE}.Debug_Profiling|Win32.Build.0 = Debug_Profiling|Win32
		{3279626A-14AE-4ACC-871D-D44FB8C2C3FE}.Debug_Profiling|x64.ActiveCfg = Debug_Profiling|x64
		{3279626A-14AE-4ACC-871D-D44FB8C2C3FE}.Debug_Profiling|x64.Build.0 = Debug_Profiling|x64
		{3279626A-14AE-4ACC-871D-D44FB8C2C3FE}.Debug|Any CPU.ActiveCfg = Debug|Win32
		{3279626A-14AE-4ACC-871D-D44FB8C2C3FE}.Debug|Mixed Platforms.ActiveCfg = Debug|Win32
		{3279626A-14AE-4ACC-871D-D44FB8C2C3FE}.Debug|Mixed Platforms.Build.0 = Debug|Win32
		{3279626A-14AE-4ACC-871D-D44FB8C2C3FE}.Debug|Win32.ActiveCfg = Debug|Win32
		{3279626A-14AE-4ACC-871D-D44FB8C2C3FE}.Debug|Win32.Build.0 = Debug|Win32
		{3279626A-14AE-4ACC-871D-D44FB8C2C3FE}.Debug|x64.ActiveCfg = Debug|x64
		{3279626A-14AE-4ACC-871D-D44FB8C2C3FE}.Debug|x64.Build.0 = Debug|x64
		{3279626A-14AE-4ACC-871D-D44FB8C2C3FE}.Release_No_Opti|Any CPU.ActiveCfg = Release_No_Opti|Win32
		{3279626A-14AE-4ACC-871D-D44FB8C2C3FE}.Release_No_Opti|Mixed Platforms.ActiveCfg = Release_No_Opti|Win32
		{3279626A-14AE-4ACC-871D-D44FB8C2C3FE}.Release_No_Opti|Mixed Platforms.Build.0 = Release_No_Opti|Win32
		{3279626A-14AE-4ACC-871D-D44FB8C2C3FE}.Release_No_Opti|Win32.ActiveCfg = Release_No_Opti|Win32
		{3279626A-14AE-4ACC-871D-D44FB8C2C3FE}.Release_No_Opti|Win32.Build.0 = Release_No_Opti|Win32
		{3279626A-14AE-4ACC-871D-D44FB8C2C3FE}.Release_No_Opti|x64.ActiveCfg = Release_No_Opti|x64
		{3279626A-14AE-4ACC-871D-D44FB8C2C3FE}.Release_No_Opti|x64.Build.0 = Release_No_Opti|x64
		{3279626A-14AE-4ACC-871D-D44FB8C2C3FE}.Release_Profiling|Any CPU.ActiveCfg = Release_Profiling|Win32
		{3279626A-14AE-4ACC-871D-D44FB8C2C3FE}.Release_Profiling|Mixed Platforms.ActiveCfg = Release_Profiling|Win32
		{3279626A-14AE-4ACC-871D-D44FB8C2C3FE}.Release_Profiling|Mixed Platforms.Build.0 = Release_Profiling|Win32
		{3279626A-14AE-4ACC-871D-D44FB8C2C3FE}.Release_Profiling|Win32.ActiveCfg = Release_Profiling|Win32
		{3279626A-14AE-4ACC-871D-D44FB8C2C3FE}.Release_Profiling|Win32.Build.0 = Release_Profiling|Win32
		{3279626A-14AE-4ACC-871D-D44FB8C2C3FE}.Release_Profiling|x64.ActiveCfg = Release_Profiling|x64
		{3279626A-14AE-4ACC-871D-D44FB8C2C3FE}.Release_Profiling|x64.Build.0 = Release_Profiling|x64
		{3279626A-14AE-4ACC-871D-D44FB8C2C3FE}.Release|Any CPU.ActiveCfg = Release|Win32
		{3279626A-14AE-4ACC-871D-D44FB8C2C3FE}.Release|Mixed Platforms.ActiveCfg = Release|Win32
		{3279626A-14AE-4ACC-871D-D44FB8C2C3FE}.Release|Mixed Platforms.Build.0 = Release|Win32
		{3279626A-14AE-4ACC-871D-D44FB8C2C3FE}.Release|Win32.ActiveCfg = Release|Win32
		{3279626A-14AE-4ACC-871D-D44FB8C2C3FE}.Release|Win32.Build.0 = Release|Win32
		{3279626A-14AE-4ACC-871D-D44FB8C2C3FE}.Release|x64.ActiveCfg = Release|x64
		{3279626A-14AE-4ACC-871D-D44FB8C2C3FE}.Release|x64.Build.0 = Release|x64
		{94B958A8-ECA6-4F8D-AAD2-66AC3A59372B}.Debug_Profiling|Any CPU.ActiveCfg = Debug|Win32
		{94B958A8-ECA6-4F8D-AAD2-66AC3A59372B}.Debug_Profiling|Mixed Platforms.ActiveCfg = Debug|Win32
		{94B958A8-ECA6-4F8D-AAD2-66AC3A59372B}.Debug_Profiling|Mixed Platforms.Build.0 = Debug|Win32
		{94B958A8-ECA6-4F8D-AAD2-66AC3A59372B}.Debug_Profiling|Win32.ActiveCfg = Debug|Win32
		{94B958A8-ECA6-4F8D-AAD2-66AC3A59372B}.Debug_Profiling|Win32.Build.0 = Debug|Win32
		{94B958A8-ECA6-4F8D-AAD2-66AC3A59372B}.Debug_Profiling|x64.ActiveCfg = Debug|Win32
		{94B958A8-ECA6-4F8D-AAD2-66AC3A59372B}.Debug|Any CPU.ActiveCfg = Debug|Win32
		{94B958A8-ECA6-4F8D-AAD2-66AC3A59372B}.Debug|Mixed Platforms.ActiveCfg = Debug|Win32
		{94B958A8-ECA6-4F8D-AAD2-66AC3A59372B}.Debug|Mixed Platforms.Build.0 = Debug|Win32
		{94B958A8-ECA6-4F8D-AAD2-66AC3A59372B}.Debug|Win32.ActiveCfg = Debug|Win32
		{94B958A8-ECA6-4F8D-AAD2-66AC3A59372B}.Debug|Win32.Build.0 = Debug|Win32
		{94B958A8-ECA6-4F8D-AAD2-66AC3A59372B}.Debug|x64.ActiveCfg = Debug|Win32
		{94B958A8-ECA6-4F8D-AAD2-66AC3A59372B}.Release_No_Opti|Any CPU.ActiveCfg = Release|Win32
		{94B958A8-ECA6-4F8D-AAD2-66AC3A59372B}.Release_No_Opti|Mixed Platforms.ActiveCfg = Release|Win32
		{94B958A8-ECA6-4F8D-AAD2-66AC3A59372B}.Release_No_Opti|Mixed Platforms.Build.0 = Release|Win32
		{94B958A8-ECA6-4F8D-AAD2-66AC3A59372B}.Release_No_Opti|Win32.ActiveCfg = Release|Win32
		{94B958A8-ECA6-4F8D-AAD2-66AC3A59372B}.Release_No_Opti|Win32.Build.0 = Release|Win32
		{94B958A8-ECA6-4F8D-AAD2-66AC3A59372B}.Release_No_Opti|x64.ActiveCfg = Release|Win32
		{94B958A8-ECA6-4F8D-AAD2-66AC3A59372B}.Release_Profiling|Any CPU.ActiveCfg = Release|Win32
		{94B958A8-ECA6-4F8D-AAD2-66AC3A59372B}.Release_Profiling|Mixed Platforms.ActiveCfg = Release|Win32
		{94B958A8-ECA6-4F8D-AAD2-66AC3A59372B}.Release_Profiling|Mixed Platforms.Build.0 = Release|Win32
		{94B958A8-ECA6-4F8D-AAD2-66AC3A59372B}.Release_Profiling|Win32.ActiveCfg = Release|Win32
		{94B958A8-ECA6-4F8D-AAD2-66AC3A59372B}.Release_Profiling|Win32.Build.0 = Release|Win32
		{94B958A8-ECA6-4F8D-AAD2-66AC3A59372B}.Release_Profiling|x64.ActiveCfg = Release|Win32
		{94B958A8-ECA6-4F8D-AAD2-66AC3A59372B}.Release|Any CPU.ActiveCfg = Release|Win32
		{94B958A8-ECA6-4F8D-AAD2-66AC3A59372B}.Release|Mixed Platforms.ActiveCfg = Release|Win32
		{94B958A8-ECA6-4F8D-AAD2-66AC3A59372B}.Release|Mixed Platforms.Build.0 = Release|Win32
		{94B958A8-ECA6-4F8D-AAD2-66AC3A59372B}.Release|Win32.ActiveCfg = Release|Win32
		{94B958A8-ECA6-4F8D-AAD2-66AC3A59372B}.Release|Win32.Build.0 = Release|Win32
		{94B958A8-ECA6-4F8D-AAD2-66AC3A59372B}.Release|x64.ActiveCfg = Release|Win32
		{B953B789-7922-4952-AC2C-186E1845ABDC}.Debug_Profiling|Any CPU.ActiveCfg = Debug|Win32
		{B953B789-7922-4952-AC2C-186E1845ABDC}.Debug_Profiling|Mixed Platforms.ActiveCfg = Debug|Win32
		{B953B789-7922-4952-AC2C-186E1845ABDC}.Debug_Profiling|Mixed Platforms.Build.0 = Debug|Win32
		{B953B789-7922-4952-AC2C-186E1845ABDC}.Debug_Profiling|Win32.ActiveCfg = Debug|Win32
		{B953B789-7922-4952-AC2C-186E1845ABDC}.Debug_Profiling|Win32.Build.0 = Debug|Win32
		{B953B789-7922-4952-AC2C-186E1845ABDC}.Debug_Profiling|x64.ActiveCfg = Debug|Win32
		{B953B789-7922-4952-AC2C-186E1845ABDC}.Debug|Any CPU.ActiveCfg = Debug|Win32
		{B953B789-7922-4952-AC2C-186E1845ABDC}.Debug|Mixed Platforms.ActiveCfg = Debug|Win32
		{B953B789-7922-4952-AC2C-186E1845ABDC}.Debug|Mixed Platforms.Build.0 = Debug|Win32
		{B953B789-7922-4952-AC2C-186E1845ABDC}.Debug|Win32.ActiveCfg = Debug|Win32
		{B953B789-7922-4952-AC2C-186E1845ABDC}.Debug|Win32.Build.0 = Debug|Win32
		{B953B789-7922-4952-AC2C-186E1845ABDC}.Debug|x64.ActiveCfg = Debug|Win32
		{B953B789-7922-4952-AC2C-186E1845ABDC}.Release_No_Opti|Any CPU.ActiveCfg = Release|Win32
		{B953B789-7922-4952-AC2C-186E1845ABDC}.Release_No_Opti|Mixed Platforms.ActiveCfg = Release|Win32
		{B953B789-7922-4952-AC2C-186E1845ABDC}.Release_No_Opti|Mixed Platforms.Build.0 = Release|Win32
		{B953B789-7922-4952-AC2C-186E1845ABDC}.Release_No_Opti|Win32.ActiveCfg = Release|Win32
		{B953B789-7922-4952-AC2C-186E1845ABDC}.Release_No_Opti|Win32.Build.0 = Release|Win32
		{B953B789-7922-4952-AC2C-186E1845ABDC}.Release_No_Opti|x64.ActiveCfg = Release|Win32
		{B953B789-7922-4952-AC2C-186E1845ABDC}.Release_Profiling|Any CPU.ActiveCfg = Release|Win32
		{B953B789-7922-4952-AC2C-186E1845ABDC}.Release_Profiling|Mixed Platforms.ActiveCfg = Release|Win32
		{B953B789-7922-4952-AC2C-186E1845ABDC}.Release_Profiling|Mixed Platforms.Build.0 = Release|Win32
		{B953B789-7922-4952-AC2C-186E1845ABDC}.Release_Profiling|Win32.ActiveCfg = Release|Win32
		{B953B789-7922-4952-AC2C-186E1845ABDC}.Release_Profiling|Win32.Build.0 = Release|Win32
		{B953B789-7922-4952-AC2C-186E1845ABDC}.Release_Profiling|x64.ActiveCfg = Release|Win32
		{B953B789-7922-4952-AC2C-186E1845ABDC}.Release|Any CPU.ActiveCfg = Release|Win32
		{B953B789-7922-4952-AC2C-186E1845ABDC}.Release|Mixed Platforms.ActiveCfg = Release|Win32
		{B953B789-7922-4952-AC2C-186E1845ABDC}.Release|Mixed Platforms.Build.0 = Release|Win32
		{B953B789-7922-4952-AC2C-186E1845ABDC}.Release|Win32.ActiveCfg = Release|Win32
		{B953B789-7922-4952-AC2C-186E1845ABDC}.Release|Win32.Build.0 = Release|Win32
		{B953B789-7922-4952-AC2C-186E1845ABDC}.Release|x64.ActiveCfg = Release|Win32
		{EB739155-2A18-468E-A392-3F6B3EDA83C3}.Debug_Profiling|Any CPU.ActiveCfg = Debug|Win32
		{EB739155-2A18-468E-A392-3F6B3EDA83C3}.Debug_Profiling|Mixed Platforms.ActiveCfg = Debug|Win32
		{EB739155-2A18-468E-A392-3F6B3EDA83C3}.Debug_Profiling|Mixed Platforms.Build.0 = Debug|Win32
		{EB739155-2A18-468E-A392-3F6B3EDA83C3}.Debug_Profiling|Win32.ActiveCfg = Debug|Win32
		{EB739155-2A18-468E-A392-3F6B3EDA83C3}.Debug_Profiling|Win32.Build.0 = Debug|Win32
		{EB739155-2A18-468E-A392-3F6B3EDA83C3}.Debug_Profiling|x64.ActiveCfg = Debug|Win32
		{EB739155-2A18-468E-A392-3F6B3EDA83C3}.Debug|Any CPU.ActiveCfg = Debug|Win32
		{EB739155-2A18-468E-A392-3F6B3EDA83C3}.Debug|Mixed Platforms.ActiveCfg = Debug|Win32
		{EB739155-2A18-468E-A392-3F6B3EDA83C3}.Debug|Mixed Platforms.Build.0 = Debug|Win32
		{EB739155-2A18-468E-A392-3F6B3EDA83C3}.Debug|Win32.ActiveCfg = Debug|Win32
		{EB739155-2A18-468E-A392-3F6B3EDA83C3}.Debug|Win32.Build.0 = Debug|Win32
		{EB739155-2A18-468E-A392-3F6B3EDA83C3}.Debug|x64.ActiveCfg = Debug|Win32
		{EB739155-2A18-468E-A392-3F6B3EDA83C3}.Release_No_Opti|Any CPU.ActiveCfg = Release|Win32
		{EB739155-2A18-468E-A392-3F6B3EDA83C3}.Release_No_Opti|Mixed Platforms.ActiveCfg = Release|Win32
		{EB739155-2A18-468E-A392-3F6B3EDA83C3}.Release_No_Opti|Mixed Platforms.Build.0 = Release|Win32
		{EB739155-2A18-468E-A392-3F6B3EDA83C3}.Release_No_Opti|Win32.ActiveCfg = Release|Win32
		{EB739155-2A18-468E-A392-3F6B3EDA83C3}.Release_No_Opti|Win32.Build.0 = Release|Win32
		{EB739155-2A18-468E-A392-3F6B3EDA83C3}.Release_No_Opti|x64.ActiveCfg = Release|Win32
		{EB739155-2A18-468E-A392-3F6B3EDA83C3}.Release_Profiling|Any CPU.ActiveCfg = Release|Win32
		{EB739155-2A18-468E-A392-3F6B3EDA83C3}.Release_Profiling|Mixed Platforms.ActiveCfg = Release|Win32
		{EB739155-2A18-468E-A392-3F6B3EDA83C3}.Release_Profiling|Mixed Platforms.Build.0 = Release|Win32
		{EB739155-2A18-468E-A392-3F6B3EDA83C3}.Release_Profiling|Win32.ActiveCfg = Release|Win32
		{EB739155-2A18-468E-A392-3F6B3EDA83C3}.Release_Profiling|Win32.Build.0 = Release|Win32
		{EB739155-2A18-468E-A392-3F6B3EDA83C3}.Release_Profiling|x64.ActiveCfg = Release|Win32
		{EB739155-2A18-468E-A392-3F6B3EDA83C3}.Release|Any CPU.ActiveCfg = Release|Win32
		{EB739155-2A18-468E-A392-3F6B3EDA83C3}.Release|Mixed Platforms.ActiveCfg = Release|Win32
		{EB739155-2A18-468E-A392-3F6B3EDA83C3}.Release|Mixed Platforms.Build.0 = Release|Win32
		{EB739155-2A18-468E-A392-3F6B3EDA83C3}.Release|Win32.ActiveCfg = Release|Win32
		{EB739155-2A18-468E-A392-3F6B3EDA83C3}.Release|Win32.Build.0 = Release|Win32
		{EB739155-2A18-468E-A392-3F6B3EDA83C3}.Release|x64.ActiveCfg = Release|Win32
		{033BC4FB-1279-4B02-9150-E67A54C5DDF1}.Debug_Profiling|Any CPU.ActiveCfg = Debug|Win32
		{033BC4FB-1279-4B02-9150-E67A54C5DDF1}.Debug_Profiling|Mixed Platforms.ActiveCfg = Debug|Win32
		{033BC4FB-1279-4B02-9150-E67A54C5DDF1}.Debug_Profiling|Mixed Platforms.Build.0 = Debug|Win32
		{033BC4FB-1279-4B02-9150-E67A54C5DDF1}.Debug_Profiling|Win32.ActiveCfg = Debug|Win32
		{033BC4FB-1279-4B02-9150-E67A54C5DDF1}.Debug_Profiling|Win32.Build.0 = Debug|Win32
		{033BC4FB-1279-4B02-9150-E67A54C5DDF1}.Debug_Profiling|x64.ActiveCfg = Debug|Win32
		{033BC4FB-1279-4B02-9150-E67A54C5DDF1}.Debug|Any CPU.ActiveCfg = Debug|Win32
		{033BC4FB-1279-4B02-9150-E67A54C5DDF1}.Debug|Mixed Platforms.ActiveCfg = Debug|Win32
		{033BC4FB-1279-4B02-9150-E67A54C5DDF1}.Debug|Mixed Platforms.Build.0 = Debug|Win32
		{033BC4FB-1279-4B02-9150-E67A54C5DDF1}.Debug|Win32.ActiveCfg = Debug|Win32
		{033BC4FB-1279-4B02-9150-E67A54C5DDF1}.Debug|Win32.Build.0 = Debug|Win32
		{033BC4FB-1279-4B02-9150-E67A54C5DDF1}.Debug|x64.ActiveCfg = Debug|Win32
		{033BC4FB-1279-4B02-9150-E67A54C5DDF1}.Release_No_Opti|Any CPU.ActiveCfg = Release|Win32
		{033BC4FB-1279-4B02-9150-E67A54C5DDF1}.Release_No_Opti|Mixed Platforms.ActiveCfg = Release|Win32
		{033BC4FB-1279-4B02-9150-E67A54C5DDF1}.Release_No_Opti|Mixed Platforms.Build.0 = Release|Win32
		{033BC4FB-1279-4B02-9150-E67A54C5DDF1}.Release_No_Opti|Win32.ActiveCfg = Release|Win32
		{033BC4FB-1279-4B02-9150-E67A54C5DDF1}.Release_No_Opti|Win32.Build.0 = Release|Win32
		{033BC4FB-1279-4B02-9150-E67A54C5DDF1}.Release_No_Opti|x64.ActiveCfg = Release|Win32
		{033BC4FB-1279-4B02-9150-E67A54C5DDF1}.Release_Profiling|Any CPU.ActiveCfg = Release|Win32
		{033BC4FB-1279-4B02-9150-E67A54C5DDF1}.Release_Profiling|Mixed Platforms.ActiveCfg = Release|Win32
		{033BC4FB-1279-4B02-9150-E67A54C5DDF1}.Release_Profiling|Mixed Platforms.Build.0 = Release|Win32
		{033BC4FB-1279-4B02-9150-E67A54C5DDF1}.Release_Profiling|Win32.ActiveCfg = Release|Win32
		{033BC4FB-1279-4B02-9150-E67A54C5DDF1}.Release_Profiling|Win32.Build.0 = Release|Win32
		{033BC4FB-1279-4B02-9150-E67A54C5DDF1}.Release_Profiling|x64.ActiveCfg = Release|Win32
		{033BC4FB-1279-4B02-9150-E67A54C5DDF1}.Release|Any CPU.ActiveCfg = Release|Win32
		{033BC4FB-1279-4B02-9150-E67A54C5DDF1}.Release|Mixed Platforms.ActiveCfg = Release|Win32
		{033BC4FB-1279-4B02-9150-E67A54C5DDF1}.Release|Mixed Platforms.Build.0 = Release|Win32
		{033BC4FB-1279-4B02-9150-E67A54C5DDF1}.Release|Win32.ActiveCfg = Release|Win32
		{033BC4FB-1279-4B02-9150-E67A54C5DDF1}.Release|Win32.Build.0 = Release|Win32
		{033BC4FB-1279-4B02-9150-E67A54C5DDF1}.Release|x64.ActiveCfg = Release|Win32
	EndGlobalSection
	GlobalSection(SolutionProperties) = preSolution
		HideSolutionNode = FALSE
	EndGlobalSection
	GlobalSection(NestedProjects) = preSolution
		{94B958A8-ECA6-4F8D-AAD2-66AC3A59372B} = {F500EEAD-9D4B-4050-98B3-BB1523CEEFFC}
		{B953B789-7922-4952-AC2C-186E1845ABDC} = {F500EEAD-9D4B-4050-98B3-BB1523CEEFFC}
		{EB739155-2A18-468E-A392-3F6B3EDA83C3} = {F500EEAD-9D4B-4050-98B3-BB1523CEEFFC}
		{033BC4FB-1279-4B02-9150-E67A54C5DDF1} = {F500EEAD-9D4B-4050-98B3-BB1523CEEFFC}
	EndGlobalSection
	GlobalSection(Performance) = preSolution
		HasPerformanceSessions = true
	EndGlobalSection
EndGlobal
