<?xml version="1.0" encoding="utf-8"?>
<Project ToolsVersion="4.0" xmlns="http://schemas.microsoft.com/developer/msbuild/2003">
  <ItemGroup>
    <Filter Include="Core">
      <UniqueIdentifier>{14349cfb-ad11-414a-bbb0-b4f424b72044}</UniqueIdentifier>
    </Filter>
    <Filter Include="Config">
      <UniqueIdentifier>{37e16d50-4e89-4300-882e-a3ebaebaa65c}</UniqueIdentifier>
    </Filter>
    <Filter Include="Maths">
      <UniqueIdentifier>{2c9904f3-56ac-4842-9308-1142930301ec}</UniqueIdentifier>
    </Filter>
    <Filter Include="Utilites">
      <UniqueIdentifier>{c66f0fef-8e05-442e-ade8-4c80f790db43}</UniqueIdentifier>
    </Filter>
    <Filter Include="Core\Entities">
      <UniqueIdentifier>{d08dd11f-43e4-4caf-9e73-8a36ba3d8fb6}</UniqueIdentifier>
    </Filter>
  </ItemGroup>
  <ItemGroup>
    <ClCompile Include="..\..\src\AgmdPhysics\Core\Force.cpp">
      <Filter>Core</Filter>
    </ClCompile>
    <ClCompile Include="..\..\src\AgmdPhysics\Core\PhysicsMgr.cpp">
      <Filter>Core</Filter>
    </ClCompile>
    <ClCompile Include="..\..\src\AgmdPhysics\Core\Entities.cpp">
      <Filter>Core\Entities</Filter>
    </ClCompile>
    <ClCompile Include="..\..\src\AgmdPhysics\Core\Box.cpp">
      <Filter>Core\Entities</Filter>
    </ClCompile>
    <ClCompile Include="..\..\src\AgmdPhysics\Core\Plane.cpp">
      <Filter>Core\Entities</Filter>
    </ClCompile>
    <ClCompile Include="..\..\src\AgmdPhysics\Core\Sphere.cpp">
      <Filter>Core\Entities</Filter>
    </ClCompile>
  </ItemGroup>
  <ItemGroup>
    <ClInclude Include="..\..\src\AgmdPhysics\Config\Export.h">
      <Filter>Config</Filter>
    </ClInclude>
    <ClInclude Include="..\..\src\AgmdPhysics\Config\Fwd.h">
      <Filter>Config</Filter>
    </ClInclude>
    <ClInclude Include="..\..\src\AgmdPhysics\Maths\Matrix4.h">
      <Filter>Maths</Filter>
    </ClInclude>
    <ClInclude Include="..\..\src\AgmdPhysics\Maths\Quaternion.h">
      <Filter>Maths</Filter>
    </ClInclude>
    <ClInclude Include="..\..\src\AgmdPhysics\Maths\Vector2.h">
      <Filter>Maths</Filter>
    </ClInclude>
    <ClInclude Include="..\..\src\AgmdPhysics\Maths\Vector3.h">
      <Filter>Maths</Filter>
    </ClInclude>
    <ClInclude Include="..\..\src\AgmdPhysics\Maths\Vector4.h">
      <Filter>Maths</Filter>
    </ClInclude>
    <ClInclude Include="..\..\src\AgmdPhysics\Utilities\Singleton.h">
      <Filter>Utilites</Filter>
    </ClInclude>
    <ClInclude Include="..\..\src\AgmdPhysics\Core\Force.h">
      <Filter>Core</Filter>
    </ClInclude>
    <ClInclude Include="..\..\src\AgmdPhysics\Core\PhysicsMgr.h">
      <Filter>Core</Filter>
    </ClInclude>
    <ClInclude Include="..\..\src\AgmdPhysics\Core\Entities.h">
      <Filter>Core\Entities</Filter>
    </ClInclude>
    <ClInclude Include="..\..\src\AgmdPhysics\Core\Box.h">
      <Filter>Core\Entities</Filter>
    </ClInclude>
    <ClInclude Include="..\..\src\AgmdPhysics\Core\Plane.h">
      <Filter>Core\Entities</Filter>
    </ClInclude>
    <ClInclude Include="..\..\src\AgmdPhysics\Core\Sphere.h">
      <Filter>Core\Entities</Filter>
    </ClInclude>
  </ItemGroup>
</Project>