<?xml version="1.0" encoding="utf-8"?>
<Project ToolsVersion="4.0" xmlns="http://schemas.microsoft.com/developer/msbuild/2003">
  <ItemGroup>
    <ClCompile Include="..\..\src\Renderer\OpenGL\GlRenderer.cpp" />
    <ClCompile Include="..\..\src\Renderer\OpenGL\GlEnums.cpp" />
    <ClCompile Include="..\..\src\Renderer\OpenGL\GlDeclaration.cpp" />
    <ClCompile Include="..\..\src\Renderer\OpenGL\GlFrameBuffer.cpp" />
    <ClCompile Include="..\..\src\Renderer\OpenGL\GlRenderBuffer.cpp" />
    <ClCompile Include="..\..\src\Renderer\OpenGL\GlShader.cpp" />
    <ClCompile Include="..\..\src\Renderer\OpenGL\GlShaderProgram.cpp" />
    <ClCompile Include="..\..\src\Renderer\OpenGL\GlTextureCube.cpp" />
    <ClCompile Include="..\..\src\Renderer\OpenGL\GlTexture.cpp" />
    <ClCompile Include="..\..\src\Renderer\OpenGL\GlTexture2D.cpp" />
    <ClCompile Include="..\..\src\Renderer\OpenGL\GlUniformBuffer.cpp" />
    <ClCompile Include="..\..\src\Renderer\OpenGL\GlTextureBuffer.cpp" />
  </ItemGroup>
  <ItemGroup>
    <ClInclude Include="..\..\src\Renderer\OpenGL\GlRenderer.h" />
    <ClInclude Include="..\..\src\Renderer\OpenGL\GlEnums.h" />
    <ClInclude Include="..\..\src\Renderer\OpenGL\GlBuffer.h" />
    <ClInclude Include="..\..\src\Renderer\OpenGL\GlDeclaration.h" />
    <ClInclude Include="..\..\src\Renderer\OpenGL\GlFrameBuffer.h" />
    <ClInclude Include="..\..\src\Renderer\OpenGL\GlRenderBuffer.h" />
    <ClInclude Include="..\..\src\Renderer\OpenGL\GlShader.h" />
    <ClInclude Include="..\..\src\Renderer\OpenGL\GlShaderProgram.h" />
    <ClInclude Include="..\..\src\Renderer\OpenGL\GlTextureCube.h" />
    <ClInclude Include="..\..\src\Renderer\OpenGL\GlTexture.h" />
    <ClInclude Include="..\..\src\Renderer\OpenGL\GlTexture2D.h" />
    <ClInclude Include="..\..\src\Renderer\OpenGL\GlUniformBuffer.h" />
    <ClInclude Include="..\..\src\Renderer\OpenGL\GlTextureBuffer.h" />
  </ItemGroup>
  <ItemGroup>
    <None Include="..\..\src\Renderer\OpenGL\GlBuffer.inl" />
  </ItemGroup>
</Project>